// !$*UTF8*$!
{
	archiveVersion = 1;
	classes = {
	};
	objectVersion = 46;
	objects = {

/* Begin PBXBuildFile section */
		8D0179CD1E8AE5A0002E2B9A /* KJModel.m in Sources */ = {isa = PBXBuildFile; fileRef = 8D0179CC1E8AE5A0002E2B9A /* KJModel.m */; };
		8D0179D11E8AE5D5002E2B9A /* KJTableViewCell.m in Sources */ = {isa = PBXBuildFile; fileRef = 8D0179CF1E8AE5D5002E2B9A /* KJTableViewCell.m */; };
		8D0179D21E8AE5D5002E2B9A /* KJTableViewCell.xib in Resources */ = {isa = PBXBuildFile; fileRef = 8D0179D01E8AE5D5002E2B9A /* KJTableViewCell.xib */; };
		8D0179D61E8AE5F8002E2B9A /* KJCollectionViewCell.m in Sources */ = {isa = PBXBuildFile; fileRef = 8D0179D41E8AE5F8002E2B9A /* KJCollectionViewCell.m */; };
		8D0179D71E8AE5F8002E2B9A /* KJCollectionViewCell.xib in Resources */ = {isa = PBXBuildFile; fileRef = 8D0179D51E8AE5F8002E2B9A /* KJCollectionViewCell.xib */; };
		8D0179DB1E8B104A002E2B9A /* KJTableViewTestVC.m in Sources */ = {isa = PBXBuildFile; fileRef = 8D0179D91E8B104A002E2B9A /* KJTableViewTestVC.m */; };
		8D0179DC1E8B104A002E2B9A /* KJTableViewTestVC.xib in Resources */ = {isa = PBXBuildFile; fileRef = 8D0179DA1E8B104A002E2B9A /* KJTableViewTestVC.xib */; };
		8D0179F01E8B13E5002E2B9A /* rotating01.png in Resources */ = {isa = PBXBuildFile; fileRef = 8D0179DE1E8B13E4002E2B9A /* rotating01.png */; };
		8D0179F11E8B13E5002E2B9A /* rotating02.png in Resources */ = {isa = PBXBuildFile; fileRef = 8D0179DF1E8B13E4002E2B9A /* rotating02.png */; };
		8D0179F21E8B13E5002E2B9A /* rotating03.png in Resources */ = {isa = PBXBuildFile; fileRef = 8D0179E01E8B13E4002E2B9A /* rotating03.png */; };
		8D0179F31E8B13E5002E2B9A /* rotating04.png in Resources */ = {isa = PBXBuildFile; fileRef = 8D0179E11E8B13E4002E2B9A /* rotating04.png */; };
		8D0179F41E8B13E5002E2B9A /* rotating05.png in Resources */ = {isa = PBXBuildFile; fileRef = 8D0179E21E8B13E4002E2B9A /* rotating05.png */; };
		8D0179F51E8B13E5002E2B9A /* rotating06.png in Resources */ = {isa = PBXBuildFile; fileRef = 8D0179E31E8B13E4002E2B9A /* rotating06.png */; };
		8D0179F61E8B13E5002E2B9A /* rotating07.png in Resources */ = {isa = PBXBuildFile; fileRef = 8D0179E41E8B13E4002E2B9A /* rotating07.png */; };
		8D0179F71E8B13E5002E2B9A /* rotating08.png in Resources */ = {isa = PBXBuildFile; fileRef = 8D0179E51E8B13E5002E2B9A /* rotating08.png */; };
		8D0179F81E8B13E5002E2B9A /* rotating09.png in Resources */ = {isa = PBXBuildFile; fileRef = 8D0179E61E8B13E5002E2B9A /* rotating09.png */; };
		8D0179F91E8B13E5002E2B9A /* rotating10.png in Resources */ = {isa = PBXBuildFile; fileRef = 8D0179E71E8B13E5002E2B9A /* rotating10.png */; };
		8D0179FA1E8B13E5002E2B9A /* rotating11.png in Resources */ = {isa = PBXBuildFile; fileRef = 8D0179E81E8B13E5002E2B9A /* rotating11.png */; };
		8D0179FB1E8B13E5002E2B9A /* rotating12.png in Resources */ = {isa = PBXBuildFile; fileRef = 8D0179E91E8B13E5002E2B9A /* rotating12.png */; };
		8D0179FC1E8B13E5002E2B9A /* rotating13.png in Resources */ = {isa = PBXBuildFile; fileRef = 8D0179EA1E8B13E5002E2B9A /* rotating13.png */; };
		8D0179FD1E8B13E5002E2B9A /* rotating14.png in Resources */ = {isa = PBXBuildFile; fileRef = 8D0179EB1E8B13E5002E2B9A /* rotating14.png */; };
		8D0179FE1E8B13E5002E2B9A /* rotating15.png in Resources */ = {isa = PBXBuildFile; fileRef = 8D0179EC1E8B13E5002E2B9A /* rotating15.png */; };
		8D0179FF1E8B13E5002E2B9A /* rotating16.png in Resources */ = {isa = PBXBuildFile; fileRef = 8D0179ED1E8B13E5002E2B9A /* rotating16.png */; };
		8D017A001E8B13E5002E2B9A /* rotating17.png in Resources */ = {isa = PBXBuildFile; fileRef = 8D0179EE1E8B13E5002E2B9A /* rotating17.png */; };
		8D017A011E8B13E5002E2B9A /* rotating18.png in Resources */ = {isa = PBXBuildFile; fileRef = 8D0179EF1E8B13E5002E2B9A /* rotating18.png */; };
		8D017A151E8C7C0F002E2B9A /* KJTableViewTestNoHeaderVC.m in Sources */ = {isa = PBXBuildFile; fileRef = 8D017A131E8C7C0F002E2B9A /* KJTableViewTestNoHeaderVC.m */; };
		8D017A161E8C7C0F002E2B9A /* KJTableViewTestNoHeaderVC.xib in Resources */ = {isa = PBXBuildFile; fileRef = 8D017A141E8C7C0F002E2B9A /* KJTableViewTestNoHeaderVC.xib */; };
		8D017A1A1E8C7D24002E2B9A /* KJTableViewTestHasHeaderVC.m in Sources */ = {isa = PBXBuildFile; fileRef = 8D017A181E8C7D24002E2B9A /* KJTableViewTestHasHeaderVC.m */; };
		8D017A1B1E8C7D24002E2B9A /* KJTableViewTestHasHeaderVC.xib in Resources */ = {isa = PBXBuildFile; fileRef = 8D017A191E8C7D24002E2B9A /* KJTableViewTestHasHeaderVC.xib */; };
		8D017A1F1E8C8039002E2B9A /* KJTableViewTestSingleHeaderVC.m in Sources */ = {isa = PBXBuildFile; fileRef = 8D017A1D1E8C8039002E2B9A /* KJTableViewTestSingleHeaderVC.m */; };
		8D017A201E8C8039002E2B9A /* KJTableViewTestSingleHeaderVC.xib in Resources */ = {isa = PBXBuildFile; fileRef = 8D017A1E1E8C8039002E2B9A /* KJTableViewTestSingleHeaderVC.xib */; };
		8D017A241E8C805B002E2B9A /* KJTableViewTestMutiplHeaderVC.m in Sources */ = {isa = PBXBuildFile; fileRef = 8D017A221E8C805B002E2B9A /* KJTableViewTestMutiplHeaderVC.m */; };
		8D017A251E8C805B002E2B9A /* KJTableViewTestMutiplHeaderVC.xib in Resources */ = {isa = PBXBuildFile; fileRef = 8D017A231E8C805B002E2B9A /* KJTableViewTestMutiplHeaderVC.xib */; };
		8D017A2A1E8C839E002E2B9A /* TableTestHeaderView.xib in Resources */ = {isa = PBXBuildFile; fileRef = 8D017A291E8C839E002E2B9A /* TableTestHeaderView.xib */; };
		8D017A2D1E8C8557002E2B9A /* TableTestHeaderView.m in Sources */ = {isa = PBXBuildFile; fileRef = 8D017A2C1E8C8557002E2B9A /* TableTestHeaderView.m */; };
		8D017A301E8C8CCA002E2B9A /* KJGroupModel.m in Sources */ = {isa = PBXBuildFile; fileRef = 8D017A2F1E8C8CCA002E2B9A /* KJGroupModel.m */; };
		8D017A331E8DB34F002E2B9A /* KJCustomEmptyListShowView.xib in Resources */ = {isa = PBXBuildFile; fileRef = 8D017A321E8DB34F002E2B9A /* KJCustomEmptyListShowView.xib */; };
		8D017A361E8DB5C5002E2B9A /* KJCustomEmptyListShowView.m in Sources */ = {isa = PBXBuildFile; fileRef = 8D017A351E8DB5C5002E2B9A /* KJCustomEmptyListShowView.m */; };
		8D017A3A1E8DB7F1002E2B9A /* KJCustomTableViewEmptyTestVC.m in Sources */ = {isa = PBXBuildFile; fileRef = 8D017A381E8DB7F1002E2B9A /* KJCustomTableViewEmptyTestVC.m */; };
		8D017A3B1E8DB7F1002E2B9A /* KJCustomEmptyShowViewTestVC.xib in Resources */ = {isa = PBXBuildFile; fileRef = 8D017A391E8DB7F1002E2B9A /* KJCustomEmptyShowViewTestVC.xib */; };
		8D273E201E81DFB4003FBB90 /* main.m in Sources */ = {isa = PBXBuildFile; fileRef = 8D273E1F1E81DFB4003FBB90 /* main.m */; };
		8D273E231E81DFB4003FBB90 /* AppDelegate.m in Sources */ = {isa = PBXBuildFile; fileRef = 8D273E221E81DFB4003FBB90 /* AppDelegate.m */; };
		8D273E261E81DFB4003FBB90 /* ViewController.m in Sources */ = {isa = PBXBuildFile; fileRef = 8D273E251E81DFB4003FBB90 /* ViewController.m */; };
		8D273E291E81DFB4003FBB90 /* Main.storyboard in Resources */ = {isa = PBXBuildFile; fileRef = 8D273E271E81DFB4003FBB90 /* Main.storyboard */; };
		8D273E2B1E81DFB4003FBB90 /* Assets.xcassets in Resources */ = {isa = PBXBuildFile; fileRef = 8D273E2A1E81DFB4003FBB90 /* Assets.xcassets */; };
		8D273E2E1E81DFB4003FBB90 /* LaunchScreen.storyboard in Resources */ = {isa = PBXBuildFile; fileRef = 8D273E2C1E81DFB4003FBB90 /* LaunchScreen.storyboard */; };
		8D273E391E81DFB4003FBB90 /* KJTableViewTests.m in Sources */ = {isa = PBXBuildFile; fileRef = 8D273E381E81DFB4003FBB90 /* KJTableViewTests.m */; };
		8D273E441E81DFB4003FBB90 /* KJTableViewUITests.m in Sources */ = {isa = PBXBuildFile; fileRef = 8D273E431E81DFB4003FBB90 /* KJTableViewUITests.m */; };
		8D273E831E81E140003FBB90 /* LICENSE in Resources */ = {isa = PBXBuildFile; fileRef = 8D273E521E81E140003FBB90 /* LICENSE */; };
		8D273E841E81E140003FBB90 /* MJRefreshAutoFooter.m in Sources */ = {isa = PBXBuildFile; fileRef = 8D273E561E81E140003FBB90 /* MJRefreshAutoFooter.m */; };
		8D273E851E81E140003FBB90 /* MJRefreshBackFooter.m in Sources */ = {isa = PBXBuildFile; fileRef = 8D273E581E81E140003FBB90 /* MJRefreshBackFooter.m */; };
		8D273E861E81E140003FBB90 /* MJRefreshComponent.m in Sources */ = {isa = PBXBuildFile; fileRef = 8D273E5A1E81E140003FBB90 /* MJRefreshComponent.m */; };
		8D273E871E81E140003FBB90 /* MJRefreshFooter.m in Sources */ = {isa = PBXBuildFile; fileRef = 8D273E5C1E81E140003FBB90 /* MJRefreshFooter.m */; };
		8D273E881E81E140003FBB90 /* MJRefreshHeader.m in Sources */ = {isa = PBXBuildFile; fileRef = 8D273E5E1E81E140003FBB90 /* MJRefreshHeader.m */; };
		8D273E891E81E140003FBB90 /* MJRefreshAutoGifFooter.m in Sources */ = {isa = PBXBuildFile; fileRef = 8D273E631E81E140003FBB90 /* MJRefreshAutoGifFooter.m */; };
		8D273E8A1E81E140003FBB90 /* MJRefreshAutoNormalFooter.m in Sources */ = {isa = PBXBuildFile; fileRef = 8D273E651E81E140003FBB90 /* MJRefreshAutoNormalFooter.m */; };
		8D273E8B1E81E140003FBB90 /* MJRefreshAutoStateFooter.m in Sources */ = {isa = PBXBuildFile; fileRef = 8D273E671E81E140003FBB90 /* MJRefreshAutoStateFooter.m */; };
		8D273E8C1E81E140003FBB90 /* MJRefreshBackGifFooter.m in Sources */ = {isa = PBXBuildFile; fileRef = 8D273E6A1E81E140003FBB90 /* MJRefreshBackGifFooter.m */; };
		8D273E8D1E81E140003FBB90 /* MJRefreshBackNormalFooter.m in Sources */ = {isa = PBXBuildFile; fileRef = 8D273E6C1E81E140003FBB90 /* MJRefreshBackNormalFooter.m */; };
		8D273E8E1E81E140003FBB90 /* MJRefreshBackStateFooter.m in Sources */ = {isa = PBXBuildFile; fileRef = 8D273E6E1E81E140003FBB90 /* MJRefreshBackStateFooter.m */; };
		8D273E8F1E81E140003FBB90 /* MJRefreshGifHeader.m in Sources */ = {isa = PBXBuildFile; fileRef = 8D273E711E81E140003FBB90 /* MJRefreshGifHeader.m */; };
		8D273E901E81E140003FBB90 /* MJRefreshNormalHeader.m in Sources */ = {isa = PBXBuildFile; fileRef = 8D273E731E81E140003FBB90 /* MJRefreshNormalHeader.m */; };
		8D273E911E81E140003FBB90 /* MJRefreshStateHeader.m in Sources */ = {isa = PBXBuildFile; fileRef = 8D273E751E81E140003FBB90 /* MJRefreshStateHeader.m */; };
		8D273E921E81E140003FBB90 /* MJRefresh.bundle in Resources */ = {isa = PBXBuildFile; fileRef = 8D273E761E81E140003FBB90 /* MJRefresh.bundle */; };
		8D273E931E81E140003FBB90 /* MJRefreshConst.m in Sources */ = {isa = PBXBuildFile; fileRef = 8D273E791E81E140003FBB90 /* MJRefreshConst.m */; };
		8D273E941E81E140003FBB90 /* NSBundle+MJRefresh.m in Sources */ = {isa = PBXBuildFile; fileRef = 8D273E7B1E81E140003FBB90 /* NSBundle+MJRefresh.m */; };
		8D273E951E81E140003FBB90 /* UIScrollView+MJExtension.m in Sources */ = {isa = PBXBuildFile; fileRef = 8D273E7D1E81E140003FBB90 /* UIScrollView+MJExtension.m */; };
		8D273E961E81E140003FBB90 /* UIScrollView+MJRefresh.m in Sources */ = {isa = PBXBuildFile; fileRef = 8D273E7F1E81E140003FBB90 /* UIScrollView+MJRefresh.m */; };
		8D273E971E81E140003FBB90 /* UIView+MJExtension.m in Sources */ = {isa = PBXBuildFile; fileRef = 8D273E811E81E140003FBB90 /* UIView+MJExtension.m */; };
		8D273E981E81E140003FBB90 /* README.md in Sources */ = {isa = PBXBuildFile; fileRef = 8D273E821E81E140003FBB90 /* README.md */; };
		8D85914B1EAFBDDB00156B28 /* KJCollectionViewTestVC.m in Sources */ = {isa = PBXBuildFile; fileRef = 8D8591491EAFBDDB00156B28 /* KJCollectionViewTestVC.m */; };
		8D85914C1EAFBDDB00156B28 /* KJCollectionViewTestVC.xib in Resources */ = {isa = PBXBuildFile; fileRef = 8D85914A1EAFBDDB00156B28 /* KJCollectionViewTestVC.xib */; };
		8D8591511EAFC44600156B28 /* KJCollectionViewNoHeaderTestVC.m in Sources */ = {isa = PBXBuildFile; fileRef = 8D85914F1EAFC44600156B28 /* KJCollectionViewNoHeaderTestVC.m */; };
		8D8591521EAFC44600156B28 /* KJCollectionViewNoHeaderTestVC.xib in Resources */ = {isa = PBXBuildFile; fileRef = 8D8591501EAFC44600156B28 /* KJCollectionViewNoHeaderTestVC.xib */; };
		8D8591591EAFC5A900156B28 /* KJCollectionViewTestNoRefreshVC.m in Sources */ = {isa = PBXBuildFile; fileRef = 8D8591571EAFC5A900156B28 /* KJCollectionViewTestNoRefreshVC.m */; };
		8D85915A1EAFC5A900156B28 /* KJCollectionViewTestNoRefreshVC.xib in Resources */ = {isa = PBXBuildFile; fileRef = 8D8591581EAFC5A900156B28 /* KJCollectionViewTestNoRefreshVC.xib */; };
		8D85915E1EAFC6C400156B28 /* KJCollectionViewTestNoHeaderNoMoreDataRefreshVC.m in Sources */ = {isa = PBXBuildFile; fileRef = 8D85915C1EAFC6C400156B28 /* KJCollectionViewTestNoHeaderNoMoreDataRefreshVC.m */; };
		8D85915F1EAFC6C400156B28 /* KJCollectionViewTestNoHeaderNoMoreDataRefreshVC.xib in Resources */ = {isa = PBXBuildFile; fileRef = 8D85915D1EAFC6C400156B28 /* KJCollectionViewTestNoHeaderNoMoreDataRefreshVC.xib */; };
		8D8591631EAFC7D100156B28 /* KJCollectionViewTestNoHeaderVC.m in Sources */ = {isa = PBXBuildFile; fileRef = 8D8591611EAFC7D100156B28 /* KJCollectionViewTestNoHeaderVC.m */; };
		8D8591641EAFC7D100156B28 /* KJCollectionViewTestNoHeaderVC.xib in Resources */ = {isa = PBXBuildFile; fileRef = 8D8591621EAFC7D100156B28 /* KJCollectionViewTestNoHeaderVC.xib */; };
		8D8591681EAFCB2300156B28 /* KJCollectionViewTestHasHeaderVC.m in Sources */ = {isa = PBXBuildFile; fileRef = 8D8591661EAFCB2300156B28 /* KJCollectionViewTestHasHeaderVC.m */; };
		8D8591691EAFCB2300156B28 /* KJCollectionViewTestHasHeaderVC.xib in Resources */ = {isa = PBXBuildFile; fileRef = 8D8591671EAFCB2300156B28 /* KJCollectionViewTestHasHeaderVC.xib */; };
		8D85916D1EAFCBE400156B28 /* KJCollectionViewTestSingleHeaderVC.m in Sources */ = {isa = PBXBuildFile; fileRef = 8D85916B1EAFCBE400156B28 /* KJCollectionViewTestSingleHeaderVC.m */; };
		8D85916E1EAFCBE400156B28 /* KJCollectionViewTestSingleHeaderVC.xib in Resources */ = {isa = PBXBuildFile; fileRef = 8D85916C1EAFCBE400156B28 /* KJCollectionViewTestSingleHeaderVC.xib */; };
		8D8591721EAFCD2A00156B28 /* KJCollectionSectionHeaderView.m in Sources */ = {isa = PBXBuildFile; fileRef = 8D8591701EAFCD2A00156B28 /* KJCollectionSectionHeaderView.m */; };
		8D8591731EAFCD2A00156B28 /* KJCollectionSectionHeaderView.xib in Resources */ = {isa = PBXBuildFile; fileRef = 8D8591711EAFCD2A00156B28 /* KJCollectionSectionHeaderView.xib */; };
		8D8591771EAFCE1B00156B28 /* KJCollectionViewTestMutiplHeaderVC.m in Sources */ = {isa = PBXBuildFile; fileRef = 8D8591751EAFCE1B00156B28 /* KJCollectionViewTestMutiplHeaderVC.m */; };
		8D8591781EAFCE1B00156B28 /* KJCollectionViewTestMutiplHeaderVC.xib in Resources */ = {isa = PBXBuildFile; fileRef = 8D8591761EAFCE1B00156B28 /* KJCollectionViewTestMutiplHeaderVC.xib */; };
		8D85917C1EAFD02900156B28 /* KJCustomCollectionViewEmptyTestVC.m in Sources */ = {isa = PBXBuildFile; fileRef = 8D85917A1EAFD02900156B28 /* KJCustomCollectionViewEmptyTestVC.m */; };
		8D85917D1EAFD02900156B28 /* KJCustomCollectionViewEmptyTestVC.xib in Resources */ = {isa = PBXBuildFile; fileRef = 8D85917B1EAFD02900156B28 /* KJCustomCollectionViewEmptyTestVC.xib */; };
		8D8591871EAFF7C200156B28 /* KJConst.m in Sources */ = {isa = PBXBuildFile; fileRef = 8D8591841EAFF7C200156B28 /* KJConst.m */; };
		8D8591881EAFF7C200156B28 /* KJListHeaderFooterConfigure.m in Sources */ = {isa = PBXBuildFile; fileRef = 8D8591861EAFF7C200156B28 /* KJListHeaderFooterConfigure.m */; };
		8D85918D1EAFF7CB00156B28 /* KJListDatasoureEngine.m in Sources */ = {isa = PBXBuildFile; fileRef = 8D85918A1EAFF7CB00156B28 /* KJListDatasoureEngine.m */; };
		8D85918E1EAFF7CB00156B28 /* KJListEngine.m in Sources */ = {isa = PBXBuildFile; fileRef = 8D85918C1EAFF7CB00156B28 /* KJListEngine.m */; };
		8D8591971EAFF7DA00156B28 /* KJListDataEmptyHandler.m in Sources */ = {isa = PBXBuildFile; fileRef = 8D8591901EAFF7DA00156B28 /* KJListDataEmptyHandler.m */; };
		8D8591981EAFF7DA00156B28 /* KJListDataLoadManager.m in Sources */ = {isa = PBXBuildFile; fileRef = 8D8591921EAFF7DA00156B28 /* KJListDataLoadManager.m */; };
		8D8591991EAFF7DA00156B28 /* KJListDataRequester.m in Sources */ = {isa = PBXBuildFile; fileRef = 8D8591941EAFF7DA00156B28 /* KJListDataRequester.m */; };
		8D85919A1EAFF7DA00156B28 /* KJListHeaderFooterRefresher.m in Sources */ = {isa = PBXBuildFile; fileRef = 8D8591961EAFF7DA00156B28 /* KJListHeaderFooterRefresher.m */; };
		8D85919F1EAFF7E700156B28 /* KJCollectionViewDatasource.m in Sources */ = {isa = PBXBuildFile; fileRef = 8D85919C1EAFF7E700156B28 /* KJCollectionViewDatasource.m */; };
		8D8591A01EAFF7E700156B28 /* KJTableViewDatasource.m in Sources */ = {isa = PBXBuildFile; fileRef = 8D85919E1EAFF7E700156B28 /* KJTableViewDatasource.m */; };
		8D8591AA1EAFF7F100156B28 /* KJCollectionView.m in Sources */ = {isa = PBXBuildFile; fileRef = 8D8591A21EAFF7F100156B28 /* KJCollectionView.m */; };
		8D8591AB1EAFF7F100156B28 /* KJEmptyShowBaseView.m in Sources */ = {isa = PBXBuildFile; fileRef = 8D8591A41EAFF7F100156B28 /* KJEmptyShowBaseView.m */; };
		8D8591AC1EAFF7F100156B28 /* KJListEmptyShowView.m in Sources */ = {isa = PBXBuildFile; fileRef = 8D8591A61EAFF7F100156B28 /* KJListEmptyShowView.m */; };
		8D8591AD1EAFF7F100156B28 /* KJListEmptyShowView.xib in Resources */ = {isa = PBXBuildFile; fileRef = 8D8591A71EAFF7F100156B28 /* KJListEmptyShowView.xib */; };
		8D8591AE1EAFF7F100156B28 /* KJTableView.m in Sources */ = {isa = PBXBuildFile; fileRef = 8D8591A91EAFF7F100156B28 /* KJTableView.m */; };
		8DE4AD841EA02B6600ADB31A /* KJTableViewTestNoHeaderNoMoreDataRefreshVC.m in Sources */ = {isa = PBXBuildFile; fileRef = 8DE4AD821EA02B6600ADB31A /* KJTableViewTestNoHeaderNoMoreDataRefreshVC.m */; };
		8DE4AD851EA02B6600ADB31A /* KJTableViewTestNoHeaderNoMoreDataRefreshVC.xib in Resources */ = {isa = PBXBuildFile; fileRef = 8DE4AD831EA02B6600ADB31A /* KJTableViewTestNoHeaderNoMoreDataRefreshVC.xib */; };
		8DE4AD891EA02E9300ADB31A /* KJTableViewTestNoRefreshVC.m in Sources */ = {isa = PBXBuildFile; fileRef = 8DE4AD871EA02E9300ADB31A /* KJTableViewTestNoRefreshVC.m */; };
		8DE4AD8A1EA02E9300ADB31A /* KJTableViewTestNoRefreshVC.xib in Resources */ = {isa = PBXBuildFile; fileRef = 8DE4AD881EA02E9300ADB31A /* KJTableViewTestNoRefreshVC.xib */; };
		8DE4AD8E1EA0307C00ADB31A /* KJTableViewNoHeaderTestVC.m in Sources */ = {isa = PBXBuildFile; fileRef = 8DE4AD8C1EA0307C00ADB31A /* KJTableViewNoHeaderTestVC.m */; };
		8DE4AD8F1EA0307C00ADB31A /* KJTableViewNoHeaderTestVC.xib in Resources */ = {isa = PBXBuildFile; fileRef = 8DE4AD8D1EA0307C00ADB31A /* KJTableViewNoHeaderTestVC.xib */; };
/* End PBXBuildFile section */

/* Begin PBXContainerItemProxy section */
		8D273E351E81DFB4003FBB90 /* PBXContainerItemProxy */ = {
			isa = PBXContainerItemProxy;
			containerPortal = 8D273E131E81DFB3003FBB90 /* Project object */;
			proxyType = 1;
			remoteGlobalIDString = 8D273E1A1E81DFB4003FBB90;
			remoteInfo = KJTableView;
		};
		8D273E401E81DFB4003FBB90 /* PBXContainerItemProxy */ = {
			isa = PBXContainerItemProxy;
			containerPortal = 8D273E131E81DFB3003FBB90 /* Project object */;
			proxyType = 1;
			remoteGlobalIDString = 8D273E1A1E81DFB4003FBB90;
			remoteInfo = KJTableView;
		};
/* End PBXContainerItemProxy section */

/* Begin PBXFileReference section */
		8D0179CB1E8AE5A0002E2B9A /* KJModel.h */ = {isa = PBXFileReference; fileEncoding = 4; lastKnownFileType = sourcecode.c.h; path = KJModel.h; sourceTree = "<group>"; };
		8D0179CC1E8AE5A0002E2B9A /* KJModel.m */ = {isa = PBXFileReference; fileEncoding = 4; lastKnownFileType = sourcecode.c.objc; path = KJModel.m; sourceTree = "<group>"; };
		8D0179CE1E8AE5D5002E2B9A /* KJTableViewCell.h */ = {isa = PBXFileReference; fileEncoding = 4; lastKnownFileType = sourcecode.c.h; name = KJTableViewCell.h; path = ../KJTableViewCell.h; sourceTree = "<group>"; };
		8D0179CF1E8AE5D5002E2B9A /* KJTableViewCell.m */ = {isa = PBXFileReference; fileEncoding = 4; lastKnownFileType = sourcecode.c.objc; name = KJTableViewCell.m; path = ../KJTableViewCell.m; sourceTree = "<group>"; };
		8D0179D01E8AE5D5002E2B9A /* KJTableViewCell.xib */ = {isa = PBXFileReference; fileEncoding = 4; lastKnownFileType = file.xib; name = KJTableViewCell.xib; path = ../KJTableViewCell.xib; sourceTree = "<group>"; };
		8D0179D31E8AE5F8002E2B9A /* KJCollectionViewCell.h */ = {isa = PBXFileReference; fileEncoding = 4; lastKnownFileType = sourcecode.c.h; name = KJCollectionViewCell.h; path = ../KJCollectionViewCell.h; sourceTree = "<group>"; };
		8D0179D41E8AE5F8002E2B9A /* KJCollectionViewCell.m */ = {isa = PBXFileReference; fileEncoding = 4; lastKnownFileType = sourcecode.c.objc; name = KJCollectionViewCell.m; path = ../KJCollectionViewCell.m; sourceTree = "<group>"; };
		8D0179D51E8AE5F8002E2B9A /* KJCollectionViewCell.xib */ = {isa = PBXFileReference; fileEncoding = 4; lastKnownFileType = file.xib; name = KJCollectionViewCell.xib; path = ../KJCollectionViewCell.xib; sourceTree = "<group>"; };
		8D0179D81E8B104A002E2B9A /* KJTableViewTestVC.h */ = {isa = PBXFileReference; fileEncoding = 4; lastKnownFileType = sourcecode.c.h; path = KJTableViewTestVC.h; sourceTree = "<group>"; };
		8D0179D91E8B104A002E2B9A /* KJTableViewTestVC.m */ = {isa = PBXFileReference; fileEncoding = 4; lastKnownFileType = sourcecode.c.objc; path = KJTableViewTestVC.m; sourceTree = "<group>"; };
		8D0179DA1E8B104A002E2B9A /* KJTableViewTestVC.xib */ = {isa = PBXFileReference; fileEncoding = 4; lastKnownFileType = file.xib; path = KJTableViewTestVC.xib; sourceTree = "<group>"; };
		8D0179DE1E8B13E4002E2B9A /* rotating01.png */ = {isa = PBXFileReference; lastKnownFileType = image.png; path = rotating01.png; sourceTree = "<group>"; };
		8D0179DF1E8B13E4002E2B9A /* rotating02.png */ = {isa = PBXFileReference; lastKnownFileType = image.png; path = rotating02.png; sourceTree = "<group>"; };
		8D0179E01E8B13E4002E2B9A /* rotating03.png */ = {isa = PBXFileReference; lastKnownFileType = image.png; path = rotating03.png; sourceTree = "<group>"; };
		8D0179E11E8B13E4002E2B9A /* rotating04.png */ = {isa = PBXFileReference; lastKnownFileType = image.png; path = rotating04.png; sourceTree = "<group>"; };
		8D0179E21E8B13E4002E2B9A /* rotating05.png */ = {isa = PBXFileReference; lastKnownFileType = image.png; path = rotating05.png; sourceTree = "<group>"; };
		8D0179E31E8B13E4002E2B9A /* rotating06.png */ = {isa = PBXFileReference; lastKnownFileType = image.png; path = rotating06.png; sourceTree = "<group>"; };
		8D0179E41E8B13E4002E2B9A /* rotating07.png */ = {isa = PBXFileReference; lastKnownFileType = image.png; path = rotating07.png; sourceTree = "<group>"; };
		8D0179E51E8B13E5002E2B9A /* rotating08.png */ = {isa = PBXFileReference; lastKnownFileType = image.png; path = rotating08.png; sourceTree = "<group>"; };
		8D0179E61E8B13E5002E2B9A /* rotating09.png */ = {isa = PBXFileReference; lastKnownFileType = image.png; path = rotating09.png; sourceTree = "<group>"; };
		8D0179E71E8B13E5002E2B9A /* rotating10.png */ = {isa = PBXFileReference; lastKnownFileType = image.png; path = rotating10.png; sourceTree = "<group>"; };
		8D0179E81E8B13E5002E2B9A /* rotating11.png */ = {isa = PBXFileReference; lastKnownFileType = image.png; path = rotating11.png; sourceTree = "<group>"; };
		8D0179E91E8B13E5002E2B9A /* rotating12.png */ = {isa = PBXFileReference; lastKnownFileType = image.png; path = rotating12.png; sourceTree = "<group>"; };
		8D0179EA1E8B13E5002E2B9A /* rotating13.png */ = {isa = PBXFileReference; lastKnownFileType = image.png; path = rotating13.png; sourceTree = "<group>"; };
		8D0179EB1E8B13E5002E2B9A /* rotating14.png */ = {isa = PBXFileReference; lastKnownFileType = image.png; path = rotating14.png; sourceTree = "<group>"; };
		8D0179EC1E8B13E5002E2B9A /* rotating15.png */ = {isa = PBXFileReference; lastKnownFileType = image.png; path = rotating15.png; sourceTree = "<group>"; };
		8D0179ED1E8B13E5002E2B9A /* rotating16.png */ = {isa = PBXFileReference; lastKnownFileType = image.png; path = rotating16.png; sourceTree = "<group>"; };
		8D0179EE1E8B13E5002E2B9A /* rotating17.png */ = {isa = PBXFileReference; lastKnownFileType = image.png; path = rotating17.png; sourceTree = "<group>"; };
		8D0179EF1E8B13E5002E2B9A /* rotating18.png */ = {isa = PBXFileReference; lastKnownFileType = image.png; path = rotating18.png; sourceTree = "<group>"; };
		8D017A121E8C7C0F002E2B9A /* KJTableViewTestNoHeaderVC.h */ = {isa = PBXFileReference; fileEncoding = 4; lastKnownFileType = sourcecode.c.h; path = KJTableViewTestNoHeaderVC.h; sourceTree = "<group>"; };
		8D017A131E8C7C0F002E2B9A /* KJTableViewTestNoHeaderVC.m */ = {isa = PBXFileReference; fileEncoding = 4; lastKnownFileType = sourcecode.c.objc; path = KJTableViewTestNoHeaderVC.m; sourceTree = "<group>"; };
		8D017A141E8C7C0F002E2B9A /* KJTableViewTestNoHeaderVC.xib */ = {isa = PBXFileReference; fileEncoding = 4; lastKnownFileType = file.xib; path = KJTableViewTestNoHeaderVC.xib; sourceTree = "<group>"; };
		8D017A171E8C7D24002E2B9A /* KJTableViewTestHasHeaderVC.h */ = {isa = PBXFileReference; fileEncoding = 4; lastKnownFileType = sourcecode.c.h; path = KJTableViewTestHasHeaderVC.h; sourceTree = "<group>"; };
		8D017A181E8C7D24002E2B9A /* KJTableViewTestHasHeaderVC.m */ = {isa = PBXFileReference; fileEncoding = 4; lastKnownFileType = sourcecode.c.objc; path = KJTableViewTestHasHeaderVC.m; sourceTree = "<group>"; };
		8D017A191E8C7D24002E2B9A /* KJTableViewTestHasHeaderVC.xib */ = {isa = PBXFileReference; fileEncoding = 4; lastKnownFileType = file.xib; path = KJTableViewTestHasHeaderVC.xib; sourceTree = "<group>"; };
		8D017A1C1E8C8039002E2B9A /* KJTableViewTestSingleHeaderVC.h */ = {isa = PBXFileReference; fileEncoding = 4; lastKnownFileType = sourcecode.c.h; path = KJTableViewTestSingleHeaderVC.h; sourceTree = "<group>"; };
		8D017A1D1E8C8039002E2B9A /* KJTableViewTestSingleHeaderVC.m */ = {isa = PBXFileReference; fileEncoding = 4; lastKnownFileType = sourcecode.c.objc; path = KJTableViewTestSingleHeaderVC.m; sourceTree = "<group>"; };
		8D017A1E1E8C8039002E2B9A /* KJTableViewTestSingleHeaderVC.xib */ = {isa = PBXFileReference; fileEncoding = 4; lastKnownFileType = file.xib; path = KJTableViewTestSingleHeaderVC.xib; sourceTree = "<group>"; };
		8D017A211E8C805B002E2B9A /* KJTableViewTestMutiplHeaderVC.h */ = {isa = PBXFileReference; fileEncoding = 4; lastKnownFileType = sourcecode.c.h; path = KJTableViewTestMutiplHeaderVC.h; sourceTree = "<group>"; };
		8D017A221E8C805B002E2B9A /* KJTableViewTestMutiplHeaderVC.m */ = {isa = PBXFileReference; fileEncoding = 4; lastKnownFileType = sourcecode.c.objc; path = KJTableViewTestMutiplHeaderVC.m; sourceTree = "<group>"; };
		8D017A231E8C805B002E2B9A /* KJTableViewTestMutiplHeaderVC.xib */ = {isa = PBXFileReference; fileEncoding = 4; lastKnownFileType = file.xib; path = KJTableViewTestMutiplHeaderVC.xib; sourceTree = "<group>"; };
		8D017A291E8C839E002E2B9A /* TableTestHeaderView.xib */ = {isa = PBXFileReference; fileEncoding = 4; lastKnownFileType = file.xib; path = TableTestHeaderView.xib; sourceTree = "<group>"; };
		8D017A2B1E8C8557002E2B9A /* TableTestHeaderView.h */ = {isa = PBXFileReference; fileEncoding = 4; lastKnownFileType = sourcecode.c.h; path = TableTestHeaderView.h; sourceTree = "<group>"; };
		8D017A2C1E8C8557002E2B9A /* TableTestHeaderView.m */ = {isa = PBXFileReference; fileEncoding = 4; lastKnownFileType = sourcecode.c.objc; path = TableTestHeaderView.m; sourceTree = "<group>"; };
		8D017A2E1E8C8CCA002E2B9A /* KJGroupModel.h */ = {isa = PBXFileReference; fileEncoding = 4; lastKnownFileType = sourcecode.c.h; path = KJGroupModel.h; sourceTree = "<group>"; };
		8D017A2F1E8C8CCA002E2B9A /* KJGroupModel.m */ = {isa = PBXFileReference; fileEncoding = 4; lastKnownFileType = sourcecode.c.objc; path = KJGroupModel.m; sourceTree = "<group>"; };
		8D017A321E8DB34F002E2B9A /* KJCustomEmptyListShowView.xib */ = {isa = PBXFileReference; fileEncoding = 4; lastKnownFileType = file.xib; name = KJCustomEmptyListShowView.xib; path = KJTableViewPage/KJCustomEmptyListShowView.xib; sourceTree = "<group>"; };
		8D017A341E8DB5C5002E2B9A /* KJCustomEmptyListShowView.h */ = {isa = PBXFileReference; fileEncoding = 4; lastKnownFileType = sourcecode.c.h; name = KJCustomEmptyListShowView.h; path = KJTableViewPage/KJCustomEmptyListShowView.h; sourceTree = "<group>"; };
		8D017A351E8DB5C5002E2B9A /* KJCustomEmptyListShowView.m */ = {isa = PBXFileReference; fileEncoding = 4; lastKnownFileType = sourcecode.c.objc; name = KJCustomEmptyListShowView.m; path = KJTableViewPage/KJCustomEmptyListShowView.m; sourceTree = "<group>"; };
		8D017A371E8DB7F1002E2B9A /* KJCustomTableViewEmptyTestVC.h */ = {isa = PBXFileReference; fileEncoding = 4; lastKnownFileType = sourcecode.c.h; path = KJCustomTableViewEmptyTestVC.h; sourceTree = "<group>"; };
		8D017A381E8DB7F1002E2B9A /* KJCustomTableViewEmptyTestVC.m */ = {isa = PBXFileReference; fileEncoding = 4; lastKnownFileType = sourcecode.c.objc; path = KJCustomTableViewEmptyTestVC.m; sourceTree = "<group>"; };
		8D017A391E8DB7F1002E2B9A /* KJCustomEmptyShowViewTestVC.xib */ = {isa = PBXFileReference; fileEncoding = 4; lastKnownFileType = file.xib; path = KJCustomEmptyShowViewTestVC.xib; sourceTree = "<group>"; };
		8D273E1B1E81DFB4003FBB90 /* KJTableView.app */ = {isa = PBXFileReference; explicitFileType = wrapper.application; includeInIndex = 0; path = KJTableView.app; sourceTree = BUILT_PRODUCTS_DIR; };
		8D273E1F1E81DFB4003FBB90 /* main.m */ = {isa = PBXFileReference; lastKnownFileType = sourcecode.c.objc; path = main.m; sourceTree = "<group>"; };
		8D273E211E81DFB4003FBB90 /* AppDelegate.h */ = {isa = PBXFileReference; lastKnownFileType = sourcecode.c.h; path = AppDelegate.h; sourceTree = "<group>"; };
		8D273E221E81DFB4003FBB90 /* AppDelegate.m */ = {isa = PBXFileReference; lastKnownFileType = sourcecode.c.objc; path = AppDelegate.m; sourceTree = "<group>"; };
		8D273E241E81DFB4003FBB90 /* ViewController.h */ = {isa = PBXFileReference; lastKnownFileType = sourcecode.c.h; path = ViewController.h; sourceTree = "<group>"; };
		8D273E251E81DFB4003FBB90 /* ViewController.m */ = {isa = PBXFileReference; lastKnownFileType = sourcecode.c.objc; path = ViewController.m; sourceTree = "<group>"; };
		8D273E281E81DFB4003FBB90 /* Base */ = {isa = PBXFileReference; lastKnownFileType = file.storyboard; name = Base; path = Base.lproj/Main.storyboard; sourceTree = "<group>"; };
		8D273E2A1E81DFB4003FBB90 /* Assets.xcassets */ = {isa = PBXFileReference; lastKnownFileType = folder.assetcatalog; path = Assets.xcassets; sourceTree = "<group>"; };
		8D273E2D1E81DFB4003FBB90 /* Base */ = {isa = PBXFileReference; lastKnownFileType = file.storyboard; name = Base; path = Base.lproj/LaunchScreen.storyboard; sourceTree = "<group>"; };
		8D273E2F1E81DFB4003FBB90 /* Info.plist */ = {isa = PBXFileReference; lastKnownFileType = text.plist.xml; path = Info.plist; sourceTree = "<group>"; };
		8D273E341E81DFB4003FBB90 /* KJTableViewTests.xctest */ = {isa = PBXFileReference; explicitFileType = wrapper.cfbundle; includeInIndex = 0; path = KJTableViewTests.xctest; sourceTree = BUILT_PRODUCTS_DIR; };
		8D273E381E81DFB4003FBB90 /* KJTableViewTests.m */ = {isa = PBXFileReference; lastKnownFileType = sourcecode.c.objc; path = KJTableViewTests.m; sourceTree = "<group>"; };
		8D273E3A1E81DFB4003FBB90 /* Info.plist */ = {isa = PBXFileReference; lastKnownFileType = text.plist.xml; path = Info.plist; sourceTree = "<group>"; };
		8D273E3F1E81DFB4003FBB90 /* KJTableViewUITests.xctest */ = {isa = PBXFileReference; explicitFileType = wrapper.cfbundle; includeInIndex = 0; path = KJTableViewUITests.xctest; sourceTree = BUILT_PRODUCTS_DIR; };
		8D273E431E81DFB4003FBB90 /* KJTableViewUITests.m */ = {isa = PBXFileReference; lastKnownFileType = sourcecode.c.objc; path = KJTableViewUITests.m; sourceTree = "<group>"; };
		8D273E451E81DFB4003FBB90 /* Info.plist */ = {isa = PBXFileReference; lastKnownFileType = text.plist.xml; path = Info.plist; sourceTree = "<group>"; };
		8D273E521E81E140003FBB90 /* LICENSE */ = {isa = PBXFileReference; fileEncoding = 4; lastKnownFileType = text; path = LICENSE; sourceTree = "<group>"; };
		8D273E551E81E140003FBB90 /* MJRefreshAutoFooter.h */ = {isa = PBXFileReference; fileEncoding = 4; lastKnownFileType = sourcecode.c.h; path = MJRefreshAutoFooter.h; sourceTree = "<group>"; };
		8D273E561E81E140003FBB90 /* MJRefreshAutoFooter.m */ = {isa = PBXFileReference; fileEncoding = 4; lastKnownFileType = sourcecode.c.objc; path = MJRefreshAutoFooter.m; sourceTree = "<group>"; };
		8D273E571E81E140003FBB90 /* MJRefreshBackFooter.h */ = {isa = PBXFileReference; fileEncoding = 4; lastKnownFileType = sourcecode.c.h; path = MJRefreshBackFooter.h; sourceTree = "<group>"; };
		8D273E581E81E140003FBB90 /* MJRefreshBackFooter.m */ = {isa = PBXFileReference; fileEncoding = 4; lastKnownFileType = sourcecode.c.objc; path = MJRefreshBackFooter.m; sourceTree = "<group>"; };
		8D273E591E81E140003FBB90 /* MJRefreshComponent.h */ = {isa = PBXFileReference; fileEncoding = 4; lastKnownFileType = sourcecode.c.h; path = MJRefreshComponent.h; sourceTree = "<group>"; };
		8D273E5A1E81E140003FBB90 /* MJRefreshComponent.m */ = {isa = PBXFileReference; fileEncoding = 4; lastKnownFileType = sourcecode.c.objc; path = MJRefreshComponent.m; sourceTree = "<group>"; };
		8D273E5B1E81E140003FBB90 /* MJRefreshFooter.h */ = {isa = PBXFileReference; fileEncoding = 4; lastKnownFileType = sourcecode.c.h; path = MJRefreshFooter.h; sourceTree = "<group>"; };
		8D273E5C1E81E140003FBB90 /* MJRefreshFooter.m */ = {isa = PBXFileReference; fileEncoding = 4; lastKnownFileType = sourcecode.c.objc; path = MJRefreshFooter.m; sourceTree = "<group>"; };
		8D273E5D1E81E140003FBB90 /* MJRefreshHeader.h */ = {isa = PBXFileReference; fileEncoding = 4; lastKnownFileType = sourcecode.c.h; path = MJRefreshHeader.h; sourceTree = "<group>"; };
		8D273E5E1E81E140003FBB90 /* MJRefreshHeader.m */ = {isa = PBXFileReference; fileEncoding = 4; lastKnownFileType = sourcecode.c.objc; path = MJRefreshHeader.m; sourceTree = "<group>"; };
		8D273E621E81E140003FBB90 /* MJRefreshAutoGifFooter.h */ = {isa = PBXFileReference; fileEncoding = 4; lastKnownFileType = sourcecode.c.h; path = MJRefreshAutoGifFooter.h; sourceTree = "<group>"; };
		8D273E631E81E140003FBB90 /* MJRefreshAutoGifFooter.m */ = {isa = PBXFileReference; fileEncoding = 4; lastKnownFileType = sourcecode.c.objc; path = MJRefreshAutoGifFooter.m; sourceTree = "<group>"; };
		8D273E641E81E140003FBB90 /* MJRefreshAutoNormalFooter.h */ = {isa = PBXFileReference; fileEncoding = 4; lastKnownFileType = sourcecode.c.h; path = MJRefreshAutoNormalFooter.h; sourceTree = "<group>"; };
		8D273E651E81E140003FBB90 /* MJRefreshAutoNormalFooter.m */ = {isa = PBXFileReference; fileEncoding = 4; lastKnownFileType = sourcecode.c.objc; path = MJRefreshAutoNormalFooter.m; sourceTree = "<group>"; };
		8D273E661E81E140003FBB90 /* MJRefreshAutoStateFooter.h */ = {isa = PBXFileReference; fileEncoding = 4; lastKnownFileType = sourcecode.c.h; path = MJRefreshAutoStateFooter.h; sourceTree = "<group>"; };
		8D273E671E81E140003FBB90 /* MJRefreshAutoStateFooter.m */ = {isa = PBXFileReference; fileEncoding = 4; lastKnownFileType = sourcecode.c.objc; path = MJRefreshAutoStateFooter.m; sourceTree = "<group>"; };
		8D273E691E81E140003FBB90 /* MJRefreshBackGifFooter.h */ = {isa = PBXFileReference; fileEncoding = 4; lastKnownFileType = sourcecode.c.h; path = MJRefreshBackGifFooter.h; sourceTree = "<group>"; };
		8D273E6A1E81E140003FBB90 /* MJRefreshBackGifFooter.m */ = {isa = PBXFileReference; fileEncoding = 4; lastKnownFileType = sourcecode.c.objc; path = MJRefreshBackGifFooter.m; sourceTree = "<group>"; };
		8D273E6B1E81E140003FBB90 /* MJRefreshBackNormalFooter.h */ = {isa = PBXFileReference; fileEncoding = 4; lastKnownFileType = sourcecode.c.h; path = MJRefreshBackNormalFooter.h; sourceTree = "<group>"; };
		8D273E6C1E81E140003FBB90 /* MJRefreshBackNormalFooter.m */ = {isa = PBXFileReference; fileEncoding = 4; lastKnownFileType = sourcecode.c.objc; path = MJRefreshBackNormalFooter.m; sourceTree = "<group>"; };
		8D273E6D1E81E140003FBB90 /* MJRefreshBackStateFooter.h */ = {isa = PBXFileReference; fileEncoding = 4; lastKnownFileType = sourcecode.c.h; path = MJRefreshBackStateFooter.h; sourceTree = "<group>"; };
		8D273E6E1E81E140003FBB90 /* MJRefreshBackStateFooter.m */ = {isa = PBXFileReference; fileEncoding = 4; lastKnownFileType = sourcecode.c.objc; path = MJRefreshBackStateFooter.m; sourceTree = "<group>"; };
		8D273E701E81E140003FBB90 /* MJRefreshGifHeader.h */ = {isa = PBXFileReference; fileEncoding = 4; lastKnownFileType = sourcecode.c.h; path = MJRefreshGifHeader.h; sourceTree = "<group>"; };
		8D273E711E81E140003FBB90 /* MJRefreshGifHeader.m */ = {isa = PBXFileReference; fileEncoding = 4; lastKnownFileType = sourcecode.c.objc; path = MJRefreshGifHeader.m; sourceTree = "<group>"; };
		8D273E721E81E140003FBB90 /* MJRefreshNormalHeader.h */ = {isa = PBXFileReference; fileEncoding = 4; lastKnownFileType = sourcecode.c.h; path = MJRefreshNormalHeader.h; sourceTree = "<group>"; };
		8D273E731E81E140003FBB90 /* MJRefreshNormalHeader.m */ = {isa = PBXFileReference; fileEncoding = 4; lastKnownFileType = sourcecode.c.objc; path = MJRefreshNormalHeader.m; sourceTree = "<group>"; };
		8D273E741E81E140003FBB90 /* MJRefreshStateHeader.h */ = {isa = PBXFileReference; fileEncoding = 4; lastKnownFileType = sourcecode.c.h; path = MJRefreshStateHeader.h; sourceTree = "<group>"; };
		8D273E751E81E140003FBB90 /* MJRefreshStateHeader.m */ = {isa = PBXFileReference; fileEncoding = 4; lastKnownFileType = sourcecode.c.objc; path = MJRefreshStateHeader.m; sourceTree = "<group>"; };
		8D273E761E81E140003FBB90 /* MJRefresh.bundle */ = {isa = PBXFileReference; lastKnownFileType = "wrapper.plug-in"; path = MJRefresh.bundle; sourceTree = "<group>"; };
		8D273E771E81E140003FBB90 /* MJRefresh.h */ = {isa = PBXFileReference; fileEncoding = 4; lastKnownFileType = sourcecode.c.h; path = MJRefresh.h; sourceTree = "<group>"; };
		8D273E781E81E140003FBB90 /* MJRefreshConst.h */ = {isa = PBXFileReference; fileEncoding = 4; lastKnownFileType = sourcecode.c.h; path = MJRefreshConst.h; sourceTree = "<group>"; };
		8D273E791E81E140003FBB90 /* MJRefreshConst.m */ = {isa = PBXFileReference; fileEncoding = 4; lastKnownFileType = sourcecode.c.objc; path = MJRefreshConst.m; sourceTree = "<group>"; };
		8D273E7A1E81E140003FBB90 /* NSBundle+MJRefresh.h */ = {isa = PBXFileReference; fileEncoding = 4; lastKnownFileType = sourcecode.c.h; path = "NSBundle+MJRefresh.h"; sourceTree = "<group>"; };
		8D273E7B1E81E140003FBB90 /* NSBundle+MJRefresh.m */ = {isa = PBXFileReference; fileEncoding = 4; lastKnownFileType = sourcecode.c.objc; path = "NSBundle+MJRefresh.m"; sourceTree = "<group>"; };
		8D273E7C1E81E140003FBB90 /* UIScrollView+MJExtension.h */ = {isa = PBXFileReference; fileEncoding = 4; lastKnownFileType = sourcecode.c.h; path = "UIScrollView+MJExtension.h"; sourceTree = "<group>"; };
		8D273E7D1E81E140003FBB90 /* UIScrollView+MJExtension.m */ = {isa = PBXFileReference; fileEncoding = 4; lastKnownFileType = sourcecode.c.objc; path = "UIScrollView+MJExtension.m"; sourceTree = "<group>"; };
		8D273E7E1E81E140003FBB90 /* UIScrollView+MJRefresh.h */ = {isa = PBXFileReference; fileEncoding = 4; lastKnownFileType = sourcecode.c.h; path = "UIScrollView+MJRefresh.h"; sourceTree = "<group>"; };
		8D273E7F1E81E140003FBB90 /* UIScrollView+MJRefresh.m */ = {isa = PBXFileReference; fileEncoding = 4; lastKnownFileType = sourcecode.c.objc; path = "UIScrollView+MJRefresh.m"; sourceTree = "<group>"; };
		8D273E801E81E140003FBB90 /* UIView+MJExtension.h */ = {isa = PBXFileReference; fileEncoding = 4; lastKnownFileType = sourcecode.c.h; path = "UIView+MJExtension.h"; sourceTree = "<group>"; };
		8D273E811E81E140003FBB90 /* UIView+MJExtension.m */ = {isa = PBXFileReference; fileEncoding = 4; lastKnownFileType = sourcecode.c.objc; path = "UIView+MJExtension.m"; sourceTree = "<group>"; };
		8D273E821E81E140003FBB90 /* README.md */ = {isa = PBXFileReference; fileEncoding = 4; lastKnownFileType = net.daringfireball.markdown; path = README.md; sourceTree = "<group>"; };
		8D8591481EAFBDDB00156B28 /* KJCollectionViewTestVC.h */ = {isa = PBXFileReference; fileEncoding = 4; lastKnownFileType = sourcecode.c.h; path = KJCollectionViewTestVC.h; sourceTree = "<group>"; };
		8D8591491EAFBDDB00156B28 /* KJCollectionViewTestVC.m */ = {isa = PBXFileReference; fileEncoding = 4; lastKnownFileType = sourcecode.c.objc; path = KJCollectionViewTestVC.m; sourceTree = "<group>"; };
		8D85914A1EAFBDDB00156B28 /* KJCollectionViewTestVC.xib */ = {isa = PBXFileReference; fileEncoding = 4; lastKnownFileType = file.xib; path = KJCollectionViewTestVC.xib; sourceTree = "<group>"; };
		8D85914E1EAFC44600156B28 /* KJCollectionViewNoHeaderTestVC.h */ = {isa = PBXFileReference; fileEncoding = 4; lastKnownFileType = sourcecode.c.h; path = KJCollectionViewNoHeaderTestVC.h; sourceTree = "<group>"; };
		8D85914F1EAFC44600156B28 /* KJCollectionViewNoHeaderTestVC.m */ = {isa = PBXFileReference; fileEncoding = 4; lastKnownFileType = sourcecode.c.objc; path = KJCollectionViewNoHeaderTestVC.m; sourceTree = "<group>"; };
		8D8591501EAFC44600156B28 /* KJCollectionViewNoHeaderTestVC.xib */ = {isa = PBXFileReference; fileEncoding = 4; lastKnownFileType = file.xib; path = KJCollectionViewNoHeaderTestVC.xib; sourceTree = "<group>"; };
		8D8591561EAFC5A900156B28 /* KJCollectionViewTestNoRefreshVC.h */ = {isa = PBXFileReference; fileEncoding = 4; lastKnownFileType = sourcecode.c.h; path = KJCollectionViewTestNoRefreshVC.h; sourceTree = "<group>"; };
		8D8591571EAFC5A900156B28 /* KJCollectionViewTestNoRefreshVC.m */ = {isa = PBXFileReference; fileEncoding = 4; lastKnownFileType = sourcecode.c.objc; path = KJCollectionViewTestNoRefreshVC.m; sourceTree = "<group>"; };
		8D8591581EAFC5A900156B28 /* KJCollectionViewTestNoRefreshVC.xib */ = {isa = PBXFileReference; fileEncoding = 4; lastKnownFileType = file.xib; path = KJCollectionViewTestNoRefreshVC.xib; sourceTree = "<group>"; };
		8D85915B1EAFC6C400156B28 /* KJCollectionViewTestNoHeaderNoMoreDataRefreshVC.h */ = {isa = PBXFileReference; fileEncoding = 4; lastKnownFileType = sourcecode.c.h; path = KJCollectionViewTestNoHeaderNoMoreDataRefreshVC.h; sourceTree = "<group>"; };
		8D85915C1EAFC6C400156B28 /* KJCollectionViewTestNoHeaderNoMoreDataRefreshVC.m */ = {isa = PBXFileReference; fileEncoding = 4; lastKnownFileType = sourcecode.c.objc; path = KJCollectionViewTestNoHeaderNoMoreDataRefreshVC.m; sourceTree = "<group>"; };
		8D85915D1EAFC6C400156B28 /* KJCollectionViewTestNoHeaderNoMoreDataRefreshVC.xib */ = {isa = PBXFileReference; fileEncoding = 4; lastKnownFileType = file.xib; path = KJCollectionViewTestNoHeaderNoMoreDataRefreshVC.xib; sourceTree = "<group>"; };
		8D8591601EAFC7D100156B28 /* KJCollectionViewTestNoHeaderVC.h */ = {isa = PBXFileReference; fileEncoding = 4; lastKnownFileType = sourcecode.c.h; path = KJCollectionViewTestNoHeaderVC.h; sourceTree = "<group>"; };
		8D8591611EAFC7D100156B28 /* KJCollectionViewTestNoHeaderVC.m */ = {isa = PBXFileReference; fileEncoding = 4; lastKnownFileType = sourcecode.c.objc; path = KJCollectionViewTestNoHeaderVC.m; sourceTree = "<group>"; };
		8D8591621EAFC7D100156B28 /* KJCollectionViewTestNoHeaderVC.xib */ = {isa = PBXFileReference; fileEncoding = 4; lastKnownFileType = file.xib; path = KJCollectionViewTestNoHeaderVC.xib; sourceTree = "<group>"; };
		8D8591651EAFCB2300156B28 /* KJCollectionViewTestHasHeaderVC.h */ = {isa = PBXFileReference; fileEncoding = 4; lastKnownFileType = sourcecode.c.h; path = KJCollectionViewTestHasHeaderVC.h; sourceTree = "<group>"; };
		8D8591661EAFCB2300156B28 /* KJCollectionViewTestHasHeaderVC.m */ = {isa = PBXFileReference; fileEncoding = 4; lastKnownFileType = sourcecode.c.objc; path = KJCollectionViewTestHasHeaderVC.m; sourceTree = "<group>"; };
		8D8591671EAFCB2300156B28 /* KJCollectionViewTestHasHeaderVC.xib */ = {isa = PBXFileReference; fileEncoding = 4; lastKnownFileType = file.xib; path = KJCollectionViewTestHasHeaderVC.xib; sourceTree = "<group>"; };
		8D85916A1EAFCBE400156B28 /* KJCollectionViewTestSingleHeaderVC.h */ = {isa = PBXFileReference; fileEncoding = 4; lastKnownFileType = sourcecode.c.h; path = KJCollectionViewTestSingleHeaderVC.h; sourceTree = "<group>"; };
		8D85916B1EAFCBE400156B28 /* KJCollectionViewTestSingleHeaderVC.m */ = {isa = PBXFileReference; fileEncoding = 4; lastKnownFileType = sourcecode.c.objc; path = KJCollectionViewTestSingleHeaderVC.m; sourceTree = "<group>"; };
		8D85916C1EAFCBE400156B28 /* KJCollectionViewTestSingleHeaderVC.xib */ = {isa = PBXFileReference; fileEncoding = 4; lastKnownFileType = file.xib; path = KJCollectionViewTestSingleHeaderVC.xib; sourceTree = "<group>"; };
		8D85916F1EAFCD2A00156B28 /* KJCollectionSectionHeaderView.h */ = {isa = PBXFileReference; fileEncoding = 4; lastKnownFileType = sourcecode.c.h; path = KJCollectionSectionHeaderView.h; sourceTree = "<group>"; };
		8D8591701EAFCD2A00156B28 /* KJCollectionSectionHeaderView.m */ = {isa = PBXFileReference; fileEncoding = 4; lastKnownFileType = sourcecode.c.objc; path = KJCollectionSectionHeaderView.m; sourceTree = "<group>"; };
		8D8591711EAFCD2A00156B28 /* KJCollectionSectionHeaderView.xib */ = {isa = PBXFileReference; fileEncoding = 4; lastKnownFileType = file.xib; path = KJCollectionSectionHeaderView.xib; sourceTree = "<group>"; };
		8D8591741EAFCE1B00156B28 /* KJCollectionViewTestMutiplHeaderVC.h */ = {isa = PBXFileReference; fileEncoding = 4; lastKnownFileType = sourcecode.c.h; path = KJCollectionViewTestMutiplHeaderVC.h; sourceTree = "<group>"; };
		8D8591751EAFCE1B00156B28 /* KJCollectionViewTestMutiplHeaderVC.m */ = {isa = PBXFileReference; fileEncoding = 4; lastKnownFileType = sourcecode.c.objc; path = KJCollectionViewTestMutiplHeaderVC.m; sourceTree = "<group>"; };
		8D8591761EAFCE1B00156B28 /* KJCollectionViewTestMutiplHeaderVC.xib */ = {isa = PBXFileReference; fileEncoding = 4; lastKnownFileType = file.xib; path = KJCollectionViewTestMutiplHeaderVC.xib; sourceTree = "<group>"; };
		8D8591791EAFD02900156B28 /* KJCustomCollectionViewEmptyTestVC.h */ = {isa = PBXFileReference; fileEncoding = 4; lastKnownFileType = sourcecode.c.h; path = KJCustomCollectionViewEmptyTestVC.h; sourceTree = "<group>"; };
		8D85917A1EAFD02900156B28 /* KJCustomCollectionViewEmptyTestVC.m */ = {isa = PBXFileReference; fileEncoding = 4; lastKnownFileType = sourcecode.c.objc; path = KJCustomCollectionViewEmptyTestVC.m; sourceTree = "<group>"; };
		8D85917B1EAFD02900156B28 /* KJCustomCollectionViewEmptyTestVC.xib */ = {isa = PBXFileReference; fileEncoding = 4; lastKnownFileType = file.xib; path = KJCustomCollectionViewEmptyTestVC.xib; sourceTree = "<group>"; };
		8D8591831EAFF7C200156B28 /* KJConst.h */ = {isa = PBXFileReference; fileEncoding = 4; lastKnownFileType = sourcecode.c.h; path = KJConst.h; sourceTree = "<group>"; };
		8D8591841EAFF7C200156B28 /* KJConst.m */ = {isa = PBXFileReference; fileEncoding = 4; lastKnownFileType = sourcecode.c.objc; path = KJConst.m; sourceTree = "<group>"; };
		8D8591851EAFF7C200156B28 /* KJListHeaderFooterConfigure.h */ = {isa = PBXFileReference; fileEncoding = 4; lastKnownFileType = sourcecode.c.h; path = KJListHeaderFooterConfigure.h; sourceTree = "<group>"; };
		8D8591861EAFF7C200156B28 /* KJListHeaderFooterConfigure.m */ = {isa = PBXFileReference; fileEncoding = 4; lastKnownFileType = sourcecode.c.objc; path = KJListHeaderFooterConfigure.m; sourceTree = "<group>"; };
		8D8591891EAFF7CB00156B28 /* KJListDatasoureEngine.h */ = {isa = PBXFileReference; fileEncoding = 4; lastKnownFileType = sourcecode.c.h; path = KJListDatasoureEngine.h; sourceTree = "<group>"; };
		8D85918A1EAFF7CB00156B28 /* KJListDatasoureEngine.m */ = {isa = PBXFileReference; fileEncoding = 4; lastKnownFileType = sourcecode.c.objc; path = KJListDatasoureEngine.m; sourceTree = "<group>"; };
		8D85918B1EAFF7CB00156B28 /* KJListEngine.h */ = {isa = PBXFileReference; fileEncoding = 4; lastKnownFileType = sourcecode.c.h; path = KJListEngine.h; sourceTree = "<group>"; };
		8D85918C1EAFF7CB00156B28 /* KJListEngine.m */ = {isa = PBXFileReference; fileEncoding = 4; lastKnownFileType = sourcecode.c.objc; path = KJListEngine.m; sourceTree = "<group>"; };
		8D85918F1EAFF7DA00156B28 /* KJListDataEmptyHandler.h */ = {isa = PBXFileReference; fileEncoding = 4; lastKnownFileType = sourcecode.c.h; path = KJListDataEmptyHandler.h; sourceTree = "<group>"; };
		8D8591901EAFF7DA00156B28 /* KJListDataEmptyHandler.m */ = {isa = PBXFileReference; fileEncoding = 4; lastKnownFileType = sourcecode.c.objc; path = KJListDataEmptyHandler.m; sourceTree = "<group>"; };
		8D8591911EAFF7DA00156B28 /* KJListDataLoadManager.h */ = {isa = PBXFileReference; fileEncoding = 4; lastKnownFileType = sourcecode.c.h; path = KJListDataLoadManager.h; sourceTree = "<group>"; };
		8D8591921EAFF7DA00156B28 /* KJListDataLoadManager.m */ = {isa = PBXFileReference; fileEncoding = 4; lastKnownFileType = sourcecode.c.objc; path = KJListDataLoadManager.m; sourceTree = "<group>"; };
		8D8591931EAFF7DA00156B28 /* KJListDataRequester.h */ = {isa = PBXFileReference; fileEncoding = 4; lastKnownFileType = sourcecode.c.h; path = KJListDataRequester.h; sourceTree = "<group>"; };
		8D8591941EAFF7DA00156B28 /* KJListDataRequester.m */ = {isa = PBXFileReference; fileEncoding = 4; lastKnownFileType = sourcecode.c.objc; path = KJListDataRequester.m; sourceTree = "<group>"; };
		8D8591951EAFF7DA00156B28 /* KJListHeaderFooterRefresher.h */ = {isa = PBXFileReference; fileEncoding = 4; lastKnownFileType = sourcecode.c.h; path = KJListHeaderFooterRefresher.h; sourceTree = "<group>"; };
		8D8591961EAFF7DA00156B28 /* KJListHeaderFooterRefresher.m */ = {isa = PBXFileReference; fileEncoding = 4; lastKnownFileType = sourcecode.c.objc; path = KJListHeaderFooterRefresher.m; sourceTree = "<group>"; };
		8D85919B1EAFF7E700156B28 /* KJCollectionViewDatasource.h */ = {isa = PBXFileReference; fileEncoding = 4; lastKnownFileType = sourcecode.c.h; path = KJCollectionViewDatasource.h; sourceTree = "<group>"; };
		8D85919C1EAFF7E700156B28 /* KJCollectionViewDatasource.m */ = {isa = PBXFileReference; fileEncoding = 4; lastKnownFileType = sourcecode.c.objc; path = KJCollectionViewDatasource.m; sourceTree = "<group>"; };
		8D85919D1EAFF7E700156B28 /* KJTableViewDatasource.h */ = {isa = PBXFileReference; fileEncoding = 4; lastKnownFileType = sourcecode.c.h; path = KJTableViewDatasource.h; sourceTree = "<group>"; };
		8D85919E1EAFF7E700156B28 /* KJTableViewDatasource.m */ = {isa = PBXFileReference; fileEncoding = 4; lastKnownFileType = sourcecode.c.objc; path = KJTableViewDatasource.m; sourceTree = "<group>"; };
		8D8591A11EAFF7F100156B28 /* KJCollectionView.h */ = {isa = PBXFileReference; fileEncoding = 4; lastKnownFileType = sourcecode.c.h; path = KJCollectionView.h; sourceTree = "<group>"; };
		8D8591A21EAFF7F100156B28 /* KJCollectionView.m */ = {isa = PBXFileReference; fileEncoding = 4; lastKnownFileType = sourcecode.c.objc; path = KJCollectionView.m; sourceTree = "<group>"; };
		8D8591A31EAFF7F100156B28 /* KJEmptyShowBaseView.h */ = {isa = PBXFileReference; fileEncoding = 4; lastKnownFileType = sourcecode.c.h; path = KJEmptyShowBaseView.h; sourceTree = "<group>"; };
		8D8591A41EAFF7F100156B28 /* KJEmptyShowBaseView.m */ = {isa = PBXFileReference; fileEncoding = 4; lastKnownFileType = sourcecode.c.objc; path = KJEmptyShowBaseView.m; sourceTree = "<group>"; };
		8D8591A51EAFF7F100156B28 /* KJListEmptyShowView.h */ = {isa = PBXFileReference; fileEncoding = 4; lastKnownFileType = sourcecode.c.h; path = KJListEmptyShowView.h; sourceTree = "<group>"; };
		8D8591A61EAFF7F100156B28 /* KJListEmptyShowView.m */ = {isa = PBXFileReference; fileEncoding = 4; lastKnownFileType = sourcecode.c.objc; path = KJListEmptyShowView.m; sourceTree = "<group>"; };
		8D8591A71EAFF7F100156B28 /* KJListEmptyShowView.xib */ = {isa = PBXFileReference; fileEncoding = 4; lastKnownFileType = file.xib; path = KJListEmptyShowView.xib; sourceTree = "<group>"; };
		8D8591A81EAFF7F100156B28 /* KJTableView.h */ = {isa = PBXFileReference; fileEncoding = 4; lastKnownFileType = sourcecode.c.h; path = KJTableView.h; sourceTree = "<group>"; };
		8D8591A91EAFF7F100156B28 /* KJTableView.m */ = {isa = PBXFileReference; fileEncoding = 4; lastKnownFileType = sourcecode.c.objc; path = KJTableView.m; sourceTree = "<group>"; };
		8DE4AD811EA02B6600ADB31A /* KJTableViewTestNoHeaderNoMoreDataRefreshVC.h */ = {isa = PBXFileReference; fileEncoding = 4; lastKnownFileType = sourcecode.c.h; path = KJTableViewTestNoHeaderNoMoreDataRefreshVC.h; sourceTree = "<group>"; };
		8DE4AD821EA02B6600ADB31A /* KJTableViewTestNoHeaderNoMoreDataRefreshVC.m */ = {isa = PBXFileReference; fileEncoding = 4; lastKnownFileType = sourcecode.c.objc; path = KJTableViewTestNoHeaderNoMoreDataRefreshVC.m; sourceTree = "<group>"; };
		8DE4AD831EA02B6600ADB31A /* KJTableViewTestNoHeaderNoMoreDataRefreshVC.xib */ = {isa = PBXFileReference; fileEncoding = 4; lastKnownFileType = file.xib; path = KJTableViewTestNoHeaderNoMoreDataRefreshVC.xib; sourceTree = "<group>"; };
		8DE4AD861EA02E9300ADB31A /* KJTableViewTestNoRefreshVC.h */ = {isa = PBXFileReference; fileEncoding = 4; lastKnownFileType = sourcecode.c.h; path = KJTableViewTestNoRefreshVC.h; sourceTree = "<group>"; };
		8DE4AD871EA02E9300ADB31A /* KJTableViewTestNoRefreshVC.m */ = {isa = PBXFileReference; fileEncoding = 4; lastKnownFileType = sourcecode.c.objc; path = KJTableViewTestNoRefreshVC.m; sourceTree = "<group>"; };
		8DE4AD881EA02E9300ADB31A /* KJTableViewTestNoRefreshVC.xib */ = {isa = PBXFileReference; fileEncoding = 4; lastKnownFileType = file.xib; path = KJTableViewTestNoRefreshVC.xib; sourceTree = "<group>"; };
		8DE4AD8B1EA0307C00ADB31A /* KJTableViewNoHeaderTestVC.h */ = {isa = PBXFileReference; fileEncoding = 4; lastKnownFileType = sourcecode.c.h; path = KJTableViewNoHeaderTestVC.h; sourceTree = "<group>"; };
		8DE4AD8C1EA0307C00ADB31A /* KJTableViewNoHeaderTestVC.m */ = {isa = PBXFileReference; fileEncoding = 4; lastKnownFileType = sourcecode.c.objc; path = KJTableViewNoHeaderTestVC.m; sourceTree = "<group>"; };
		8DE4AD8D1EA0307C00ADB31A /* KJTableViewNoHeaderTestVC.xib */ = {isa = PBXFileReference; fileEncoding = 4; lastKnownFileType = file.xib; path = KJTableViewNoHeaderTestVC.xib; sourceTree = "<group>"; };
/* End PBXFileReference section */

/* Begin PBXFrameworksBuildPhase section */
		8D273E181E81DFB4003FBB90 /* Frameworks */ = {
			isa = PBXFrameworksBuildPhase;
			buildActionMask = 2147483647;
			files = (
			);
			runOnlyForDeploymentPostprocessing = 0;
		};
		8D273E311E81DFB4003FBB90 /* Frameworks */ = {
			isa = PBXFrameworksBuildPhase;
			buildActionMask = 2147483647;
			files = (
			);
			runOnlyForDeploymentPostprocessing = 0;
		};
		8D273E3C1E81DFB4003FBB90 /* Frameworks */ = {
			isa = PBXFrameworksBuildPhase;
			buildActionMask = 2147483647;
			files = (
			);
			runOnlyForDeploymentPostprocessing = 0;
		};
/* End PBXFrameworksBuildPhase section */

/* Begin PBXGroup section */
		8D01799B1E8ADC2E002E2B9A /* KJTableView */ = {
			isa = PBXGroup;
			children = (
				8D85917E1EAFF6FF00156B28 /* Configure */,
				8D85917F1EAFF6FF00156B28 /* Engine */,
				8D8591801EAFF6FF00156B28 /* Helper */,
				8D8591811EAFF6FF00156B28 /* ListDataSource */,
				8D8591821EAFF6FF00156B28 /* UI */,
			);
			path = KJTableView;
			sourceTree = "<group>";
		};
		8D0179C81E8AE553002E2B9A /* KJCollectionViewTestExample */ = {
			isa = PBXGroup;
			children = (
				8D85914D1EAFC3F100156B28 /* EmptyCollectionViewTest */,
				8D8591471EAFBD9500156B28 /* HasHeaderTest */,
				8D8591461EAFBD8500156B28 /* NoHeaderTest */,
				8D8591451EAFBD6500156B28 /* CollectionCellAndHeader */,
				8D8591481EAFBDDB00156B28 /* KJCollectionViewTestVC.h */,
				8D8591491EAFBDDB00156B28 /* KJCollectionViewTestVC.m */,
				8D85914A1EAFBDDB00156B28 /* KJCollectionViewTestVC.xib */,
			);
			name = KJCollectionViewTestExample;
			path = KJCollectionViewPage;
			sourceTree = "<group>";
		};
		8D0179C91E8AE553002E2B9A /* KJTableViewTestExample */ = {
			isa = PBXGroup;
			children = (
				8D017A311E8DB2FE002E2B9A /* CustomEmptyListShowViewTest */,
				8D017A281E8C8298002E2B9A /* CellAndHeader */,
				8D017A271E8C8258002E2B9A /* NoHeaderTest */,
				8D017A261E8C8230002E2B9A /* HasHeaderTest */,
				8D0179D81E8B104A002E2B9A /* KJTableViewTestVC.h */,
				8D0179D91E8B104A002E2B9A /* KJTableViewTestVC.m */,
				8D0179DA1E8B104A002E2B9A /* KJTableViewTestVC.xib */,
			);
			name = KJTableViewTestExample;
			path = KJTableViewPage;
			sourceTree = "<group>";
		};
		8D0179DD1E8B13DC002E2B9A /* image */ = {
			isa = PBXGroup;
			children = (
				8D0179DE1E8B13E4002E2B9A /* rotating01.png */,
				8D0179DF1E8B13E4002E2B9A /* rotating02.png */,
				8D0179E01E8B13E4002E2B9A /* rotating03.png */,
				8D0179E11E8B13E4002E2B9A /* rotating04.png */,
				8D0179E21E8B13E4002E2B9A /* rotating05.png */,
				8D0179E31E8B13E4002E2B9A /* rotating06.png */,
				8D0179E41E8B13E4002E2B9A /* rotating07.png */,
				8D0179E51E8B13E5002E2B9A /* rotating08.png */,
				8D0179E61E8B13E5002E2B9A /* rotating09.png */,
				8D0179E71E8B13E5002E2B9A /* rotating10.png */,
				8D0179E81E8B13E5002E2B9A /* rotating11.png */,
				8D0179E91E8B13E5002E2B9A /* rotating12.png */,
				8D0179EA1E8B13E5002E2B9A /* rotating13.png */,
				8D0179EB1E8B13E5002E2B9A /* rotating14.png */,
				8D0179EC1E8B13E5002E2B9A /* rotating15.png */,
				8D0179ED1E8B13E5002E2B9A /* rotating16.png */,
				8D0179EE1E8B13E5002E2B9A /* rotating17.png */,
				8D0179EF1E8B13E5002E2B9A /* rotating18.png */,
			);
			name = image;
			sourceTree = "<group>";
		};
		8D017A261E8C8230002E2B9A /* HasHeaderTest */ = {
			isa = PBXGroup;
			children = (
				8D017A171E8C7D24002E2B9A /* KJTableViewTestHasHeaderVC.h */,
				8D017A181E8C7D24002E2B9A /* KJTableViewTestHasHeaderVC.m */,
				8D017A191E8C7D24002E2B9A /* KJTableViewTestHasHeaderVC.xib */,
				8D017A1C1E8C8039002E2B9A /* KJTableViewTestSingleHeaderVC.h */,
				8D017A1D1E8C8039002E2B9A /* KJTableViewTestSingleHeaderVC.m */,
				8D017A1E1E8C8039002E2B9A /* KJTableViewTestSingleHeaderVC.xib */,
				8D017A211E8C805B002E2B9A /* KJTableViewTestMutiplHeaderVC.h */,
				8D017A221E8C805B002E2B9A /* KJTableViewTestMutiplHeaderVC.m */,
				8D017A231E8C805B002E2B9A /* KJTableViewTestMutiplHeaderVC.xib */,
			);
			name = HasHeaderTest;
			sourceTree = "<group>";
		};
		8D017A271E8C8258002E2B9A /* NoHeaderTest */ = {
			isa = PBXGroup;
			children = (
				8DE4AD801EA02AD500ADB31A /* NoRefresh */,
				8DE4AD7F1EA02AB900ADB31A /* NoMoreDataRefresh */,
				8DE4AD7E1EA02AA300ADB31A /* HasRefresh */,
				8DE4AD8B1EA0307C00ADB31A /* KJTableViewNoHeaderTestVC.h */,
				8DE4AD8C1EA0307C00ADB31A /* KJTableViewNoHeaderTestVC.m */,
				8DE4AD8D1EA0307C00ADB31A /* KJTableViewNoHeaderTestVC.xib */,
			);
			name = NoHeaderTest;
			sourceTree = "<group>";
		};
		8D017A281E8C8298002E2B9A /* CellAndHeader */ = {
			isa = PBXGroup;
			children = (
				8D0179CE1E8AE5D5002E2B9A /* KJTableViewCell.h */,
				8D0179CF1E8AE5D5002E2B9A /* KJTableViewCell.m */,
				8D0179D01E8AE5D5002E2B9A /* KJTableViewCell.xib */,
				8D017A291E8C839E002E2B9A /* TableTestHeaderView.xib */,
				8D017A2B1E8C8557002E2B9A /* TableTestHeaderView.h */,
				8D017A2C1E8C8557002E2B9A /* TableTestHeaderView.m */,
			);
			name = CellAndHeader;
			sourceTree = "<group>";
		};
		8D017A311E8DB2FE002E2B9A /* CustomEmptyListShowViewTest */ = {
			isa = PBXGroup;
			children = (
				8D017A371E8DB7F1002E2B9A /* KJCustomTableViewEmptyTestVC.h */,
				8D017A381E8DB7F1002E2B9A /* KJCustomTableViewEmptyTestVC.m */,
				8D017A391E8DB7F1002E2B9A /* KJCustomEmptyShowViewTestVC.xib */,
			);
			name = CustomEmptyListShowViewTest;
			sourceTree = "<group>";
		};
		8D273E121E81DFB3003FBB90 = {
			isa = PBXGroup;
			children = (
				8D273E1D1E81DFB4003FBB90 /* KJTableView */,
				8D273E511E81E140003FBB90 /* MJRefresh */,
				8D273E371E81DFB4003FBB90 /* KJTableViewTests */,
				8D273E421E81DFB4003FBB90 /* KJTableViewUITests */,
				8D273E1C1E81DFB4003FBB90 /* Products */,
			);
			sourceTree = "<group>";
		};
		8D273E1C1E81DFB4003FBB90 /* Products */ = {
			isa = PBXGroup;
			children = (
				8D273E1B1E81DFB4003FBB90 /* KJTableView.app */,
				8D273E341E81DFB4003FBB90 /* KJTableViewTests.xctest */,
				8D273E3F1E81DFB4003FBB90 /* KJTableViewUITests.xctest */,
			);
			name = Products;
			sourceTree = "<group>";
		};
		8D273E1D1E81DFB4003FBB90 /* KJTableView */ = {
			isa = PBXGroup;
			children = (
				8D01799B1E8ADC2E002E2B9A /* KJTableView */,
				8D273E211E81DFB4003FBB90 /* AppDelegate.h */,
				8D273E221E81DFB4003FBB90 /* AppDelegate.m */,
				8D273E241E81DFB4003FBB90 /* ViewController.h */,
				8D273E251E81DFB4003FBB90 /* ViewController.m */,
				8D8591AF1EAFF91300156B28 /* Other */,
				8D0179C81E8AE553002E2B9A /* KJCollectionViewTestExample */,
				8D0179C91E8AE553002E2B9A /* KJTableViewTestExample */,
				8D273E271E81DFB4003FBB90 /* Main.storyboard */,
				8D273E2A1E81DFB4003FBB90 /* Assets.xcassets */,
				8D273E2C1E81DFB4003FBB90 /* LaunchScreen.storyboard */,
				8D273E2F1E81DFB4003FBB90 /* Info.plist */,
				8D273E1E1E81DFB4003FBB90 /* Supporting Files */,
			);
			path = KJTableView;
			sourceTree = "<group>";
		};
		8D273E1E1E81DFB4003FBB90 /* Supporting Files */ = {
			isa = PBXGroup;
			children = (
				8D0179DD1E8B13DC002E2B9A /* image */,
				8D273E1F1E81DFB4003FBB90 /* main.m */,
			);
			name = "Supporting Files";
			sourceTree = "<group>";
		};
		8D273E371E81DFB4003FBB90 /* KJTableViewTests */ = {
			isa = PBXGroup;
			children = (
				8D273E381E81DFB4003FBB90 /* KJTableViewTests.m */,
				8D273E3A1E81DFB4003FBB90 /* Info.plist */,
			);
			path = KJTableViewTests;
			sourceTree = "<group>";
		};
		8D273E421E81DFB4003FBB90 /* KJTableViewUITests */ = {
			isa = PBXGroup;
			children = (
				8D273E431E81DFB4003FBB90 /* KJTableViewUITests.m */,
				8D273E451E81DFB4003FBB90 /* Info.plist */,
			);
			path = KJTableViewUITests;
			sourceTree = "<group>";
		};
		8D273E511E81E140003FBB90 /* MJRefresh */ = {
			isa = PBXGroup;
			children = (
				8D273E521E81E140003FBB90 /* LICENSE */,
				8D273E531E81E140003FBB90 /* MJRefresh */,
				8D273E821E81E140003FBB90 /* README.md */,
			);
			name = MJRefresh;
			path = KJTableView/MJRefresh;
			sourceTree = "<group>";
		};
		8D273E531E81E140003FBB90 /* MJRefresh */ = {
			isa = PBXGroup;
			children = (
				8D273E541E81E140003FBB90 /* Base */,
				8D273E5F1E81E140003FBB90 /* Custom */,
				8D273E761E81E140003FBB90 /* MJRefresh.bundle */,
				8D273E771E81E140003FBB90 /* MJRefresh.h */,
				8D273E781E81E140003FBB90 /* MJRefreshConst.h */,
				8D273E791E81E140003FBB90 /* MJRefreshConst.m */,
				8D273E7A1E81E140003FBB90 /* NSBundle+MJRefresh.h */,
				8D273E7B1E81E140003FBB90 /* NSBundle+MJRefresh.m */,
				8D273E7C1E81E140003FBB90 /* UIScrollView+MJExtension.h */,
				8D273E7D1E81E140003FBB90 /* UIScrollView+MJExtension.m */,
				8D273E7E1E81E140003FBB90 /* UIScrollView+MJRefresh.h */,
				8D273E7F1E81E140003FBB90 /* UIScrollView+MJRefresh.m */,
				8D273E801E81E140003FBB90 /* UIView+MJExtension.h */,
				8D273E811E81E140003FBB90 /* UIView+MJExtension.m */,
			);
			path = MJRefresh;
			sourceTree = "<group>";
		};
		8D273E541E81E140003FBB90 /* Base */ = {
			isa = PBXGroup;
			children = (
				8D273E551E81E140003FBB90 /* MJRefreshAutoFooter.h */,
				8D273E561E81E140003FBB90 /* MJRefreshAutoFooter.m */,
				8D273E571E81E140003FBB90 /* MJRefreshBackFooter.h */,
				8D273E581E81E140003FBB90 /* MJRefreshBackFooter.m */,
				8D273E591E81E140003FBB90 /* MJRefreshComponent.h */,
				8D273E5A1E81E140003FBB90 /* MJRefreshComponent.m */,
				8D273E5B1E81E140003FBB90 /* MJRefreshFooter.h */,
				8D273E5C1E81E140003FBB90 /* MJRefreshFooter.m */,
				8D273E5D1E81E140003FBB90 /* MJRefreshHeader.h */,
				8D273E5E1E81E140003FBB90 /* MJRefreshHeader.m */,
			);
			path = Base;
			sourceTree = "<group>";
		};
		8D273E5F1E81E140003FBB90 /* Custom */ = {
			isa = PBXGroup;
			children = (
				8D273E601E81E140003FBB90 /* Footer */,
				8D273E6F1E81E140003FBB90 /* Header */,
			);
			path = Custom;
			sourceTree = "<group>";
		};
		8D273E601E81E140003FBB90 /* Footer */ = {
			isa = PBXGroup;
			children = (
				8D273E611E81E140003FBB90 /* Auto */,
				8D273E681E81E140003FBB90 /* Back */,
			);
			path = Footer;
			sourceTree = "<group>";
		};
		8D273E611E81E140003FBB90 /* Auto */ = {
			isa = PBXGroup;
			children = (
				8D273E621E81E140003FBB90 /* MJRefreshAutoGifFooter.h */,
				8D273E631E81E140003FBB90 /* MJRefreshAutoGifFooter.m */,
				8D273E641E81E140003FBB90 /* MJRefreshAutoNormalFooter.h */,
				8D273E651E81E140003FBB90 /* MJRefreshAutoNormalFooter.m */,
				8D273E661E81E140003FBB90 /* MJRefreshAutoStateFooter.h */,
				8D273E671E81E140003FBB90 /* MJRefreshAutoStateFooter.m */,
			);
			path = Auto;
			sourceTree = "<group>";
		};
		8D273E681E81E140003FBB90 /* Back */ = {
			isa = PBXGroup;
			children = (
				8D273E691E81E140003FBB90 /* MJRefreshBackGifFooter.h */,
				8D273E6A1E81E140003FBB90 /* MJRefreshBackGifFooter.m */,
				8D273E6B1E81E140003FBB90 /* MJRefreshBackNormalFooter.h */,
				8D273E6C1E81E140003FBB90 /* MJRefreshBackNormalFooter.m */,
				8D273E6D1E81E140003FBB90 /* MJRefreshBackStateFooter.h */,
				8D273E6E1E81E140003FBB90 /* MJRefreshBackStateFooter.m */,
			);
			path = Back;
			sourceTree = "<group>";
		};
		8D273E6F1E81E140003FBB90 /* Header */ = {
			isa = PBXGroup;
			children = (
				8D273E701E81E140003FBB90 /* MJRefreshGifHeader.h */,
				8D273E711E81E140003FBB90 /* MJRefreshGifHeader.m */,
				8D273E721E81E140003FBB90 /* MJRefreshNormalHeader.h */,
				8D273E731E81E140003FBB90 /* MJRefreshNormalHeader.m */,
				8D273E741E81E140003FBB90 /* MJRefreshStateHeader.h */,
				8D273E751E81E140003FBB90 /* MJRefreshStateHeader.m */,
			);
			path = Header;
			sourceTree = "<group>";
		};
		8D8591451EAFBD6500156B28 /* CollectionCellAndHeader */ = {
			isa = PBXGroup;
			children = (
				8D0179D31E8AE5F8002E2B9A /* KJCollectionViewCell.h */,
				8D0179D41E8AE5F8002E2B9A /* KJCollectionViewCell.m */,
				8D0179D51E8AE5F8002E2B9A /* KJCollectionViewCell.xib */,
				8D85916F1EAFCD2A00156B28 /* KJCollectionSectionHeaderView.h */,
				8D8591701EAFCD2A00156B28 /* KJCollectionSectionHeaderView.m */,
				8D8591711EAFCD2A00156B28 /* KJCollectionSectionHeaderView.xib */,
			);
			name = CollectionCellAndHeader;
			sourceTree = "<group>";
		};
		8D8591461EAFBD8500156B28 /* NoHeaderTest */ = {
			isa = PBXGroup;
			children = (
				8D8591551EAFC46F00156B28 /* HasRefresh */,
				8D8591541EAFC46200156B28 /* NoMoreDataRefresh */,
				8D8591531EAFC45500156B28 /* NoRefresh */,
				8D85914E1EAFC44600156B28 /* KJCollectionViewNoHeaderTestVC.h */,
				8D85914F1EAFC44600156B28 /* KJCollectionViewNoHeaderTestVC.m */,
				8D8591501EAFC44600156B28 /* KJCollectionViewNoHeaderTestVC.xib */,
			);
			name = NoHeaderTest;
			sourceTree = "<group>";
		};
		8D8591471EAFBD9500156B28 /* HasHeaderTest */ = {
			isa = PBXGroup;
			children = (
				8D8591651EAFCB2300156B28 /* KJCollectionViewTestHasHeaderVC.h */,
				8D8591661EAFCB2300156B28 /* KJCollectionViewTestHasHeaderVC.m */,
				8D8591671EAFCB2300156B28 /* KJCollectionViewTestHasHeaderVC.xib */,
				8D85916A1EAFCBE400156B28 /* KJCollectionViewTestSingleHeaderVC.h */,
				8D85916B1EAFCBE400156B28 /* KJCollectionViewTestSingleHeaderVC.m */,
				8D85916C1EAFCBE400156B28 /* KJCollectionViewTestSingleHeaderVC.xib */,
				8D8591741EAFCE1B00156B28 /* KJCollectionViewTestMutiplHeaderVC.h */,
				8D8591751EAFCE1B00156B28 /* KJCollectionViewTestMutiplHeaderVC.m */,
				8D8591761EAFCE1B00156B28 /* KJCollectionViewTestMutiplHeaderVC.xib */,
			);
			name = HasHeaderTest;
			sourceTree = "<group>";
		};
		8D85914D1EAFC3F100156B28 /* EmptyCollectionViewTest */ = {
			isa = PBXGroup;
			children = (
				8D8591791EAFD02900156B28 /* KJCustomCollectionViewEmptyTestVC.h */,
				8D85917A1EAFD02900156B28 /* KJCustomCollectionViewEmptyTestVC.m */,
				8D85917B1EAFD02900156B28 /* KJCustomCollectionViewEmptyTestVC.xib */,
			);
			name = EmptyCollectionViewTest;
			sourceTree = "<group>";
		};
		8D8591531EAFC45500156B28 /* NoRefresh */ = {
			isa = PBXGroup;
			children = (
				8D8591561EAFC5A900156B28 /* KJCollectionViewTestNoRefreshVC.h */,
				8D8591571EAFC5A900156B28 /* KJCollectionViewTestNoRefreshVC.m */,
				8D8591581EAFC5A900156B28 /* KJCollectionViewTestNoRefreshVC.xib */,
			);
			name = NoRefresh;
			sourceTree = "<group>";
		};
		8D8591541EAFC46200156B28 /* NoMoreDataRefresh */ = {
			isa = PBXGroup;
			children = (
				8D85915B1EAFC6C400156B28 /* KJCollectionViewTestNoHeaderNoMoreDataRefreshVC.h */,
				8D85915C1EAFC6C400156B28 /* KJCollectionViewTestNoHeaderNoMoreDataRefreshVC.m */,
				8D85915D1EAFC6C400156B28 /* KJCollectionViewTestNoHeaderNoMoreDataRefreshVC.xib */,
			);
			name = NoMoreDataRefresh;
			sourceTree = "<group>";
		};
		8D8591551EAFC46F00156B28 /* HasRefresh */ = {
			isa = PBXGroup;
			children = (
				8D8591601EAFC7D100156B28 /* KJCollectionViewTestNoHeaderVC.h */,
				8D8591611EAFC7D100156B28 /* KJCollectionViewTestNoHeaderVC.m */,
				8D8591621EAFC7D100156B28 /* KJCollectionViewTestNoHeaderVC.xib */,
			);
			name = HasRefresh;
			sourceTree = "<group>";
		};
		8D85917E1EAFF6FF00156B28 /* Configure */ = {
			isa = PBXGroup;
			children = (
				8D8591831EAFF7C200156B28 /* KJConst.h */,
				8D8591841EAFF7C200156B28 /* KJConst.m */,
				8D8591851EAFF7C200156B28 /* KJListHeaderFooterConfigure.h */,
				8D8591861EAFF7C200156B28 /* KJListHeaderFooterConfigure.m */,
			);
			path = Configure;
			sourceTree = "<group>";
		};
		8D85917F1EAFF6FF00156B28 /* Engine */ = {
			isa = PBXGroup;
			children = (
				8D8591891EAFF7CB00156B28 /* KJListDatasoureEngine.h */,
				8D85918A1EAFF7CB00156B28 /* KJListDatasoureEngine.m */,
				8D85918B1EAFF7CB00156B28 /* KJListEngine.h */,
				8D85918C1EAFF7CB00156B28 /* KJListEngine.m */,
			);
			path = Engine;
			sourceTree = "<group>";
		};
		8D8591801EAFF6FF00156B28 /* Helper */ = {
			isa = PBXGroup;
			children = (
				8D85918F1EAFF7DA00156B28 /* KJListDataEmptyHandler.h */,
				8D8591901EAFF7DA00156B28 /* KJListDataEmptyHandler.m */,
				8D8591911EAFF7DA00156B28 /* KJListDataLoadManager.h */,
				8D8591921EAFF7DA00156B28 /* KJListDataLoadManager.m */,
				8D8591931EAFF7DA00156B28 /* KJListDataRequester.h */,
				8D8591941EAFF7DA00156B28 /* KJListDataRequester.m */,
				8D8591951EAFF7DA00156B28 /* KJListHeaderFooterRefresher.h */,
				8D8591961EAFF7DA00156B28 /* KJListHeaderFooterRefresher.m */,
			);
			path = Helper;
			sourceTree = "<group>";
		};
		8D8591811EAFF6FF00156B28 /* ListDataSource */ = {
			isa = PBXGroup;
			children = (
				8D85919B1EAFF7E700156B28 /* KJCollectionViewDatasource.h */,
				8D85919C1EAFF7E700156B28 /* KJCollectionViewDatasource.m */,
				8D85919D1EAFF7E700156B28 /* KJTableViewDatasource.h */,
				8D85919E1EAFF7E700156B28 /* KJTableViewDatasource.m */,
			);
			path = ListDataSource;
			sourceTree = "<group>";
		};
		8D8591821EAFF6FF00156B28 /* UI */ = {
			isa = PBXGroup;
			children = (
				8D8591A81EAFF7F100156B28 /* KJTableView.h */,
				8D8591A91EAFF7F100156B28 /* KJTableView.m */,
				8D8591A11EAFF7F100156B28 /* KJCollectionView.h */,
				8D8591A21EAFF7F100156B28 /* KJCollectionView.m */,
				8D8591A31EAFF7F100156B28 /* KJEmptyShowBaseView.h */,
				8D8591A41EAFF7F100156B28 /* KJEmptyShowBaseView.m */,
				8D8591A51EAFF7F100156B28 /* KJListEmptyShowView.h */,
				8D8591A61EAFF7F100156B28 /* KJListEmptyShowView.m */,
				8D8591A71EAFF7F100156B28 /* KJListEmptyShowView.xib */,
			);
			path = UI;
			sourceTree = "<group>";
		};
		8D8591AF1EAFF91300156B28 /* Other */ = {
			isa = PBXGroup;
			children = (
				8D0179CB1E8AE5A0002E2B9A /* KJModel.h */,
				8D0179CC1E8AE5A0002E2B9A /* KJModel.m */,
				8D017A321E8DB34F002E2B9A /* KJCustomEmptyListShowView.xib */,
				8D017A341E8DB5C5002E2B9A /* KJCustomEmptyListShowView.h */,
				8D017A351E8DB5C5002E2B9A /* KJCustomEmptyListShowView.m */,
				8D017A2E1E8C8CCA002E2B9A /* KJGroupModel.h */,
				8D017A2F1E8C8CCA002E2B9A /* KJGroupModel.m */,
			);
			name = Other;
			sourceTree = "<group>";
		};
		8DE4AD7E1EA02AA300ADB31A /* HasRefresh */ = {
			isa = PBXGroup;
			children = (
				8D017A121E8C7C0F002E2B9A /* KJTableViewTestNoHeaderVC.h */,
				8D017A131E8C7C0F002E2B9A /* KJTableViewTestNoHeaderVC.m */,
				8D017A141E8C7C0F002E2B9A /* KJTableViewTestNoHeaderVC.xib */,
			);
			name = HasRefresh;
			sourceTree = "<group>";
		};
		8DE4AD7F1EA02AB900ADB31A /* NoMoreDataRefresh */ = {
			isa = PBXGroup;
			children = (
				8DE4AD811EA02B6600ADB31A /* KJTableViewTestNoHeaderNoMoreDataRefreshVC.h */,
				8DE4AD821EA02B6600ADB31A /* KJTableViewTestNoHeaderNoMoreDataRefreshVC.m */,
				8DE4AD831EA02B6600ADB31A /* KJTableViewTestNoHeaderNoMoreDataRefreshVC.xib */,
			);
			name = NoMoreDataRefresh;
			sourceTree = "<group>";
		};
		8DE4AD801EA02AD500ADB31A /* NoRefresh */ = {
			isa = PBXGroup;
			children = (
				8DE4AD861EA02E9300ADB31A /* KJTableViewTestNoRefreshVC.h */,
				8DE4AD871EA02E9300ADB31A /* KJTableViewTestNoRefreshVC.m */,
				8DE4AD881EA02E9300ADB31A /* KJTableViewTestNoRefreshVC.xib */,
			);
			name = NoRefresh;
			sourceTree = "<group>";
		};
/* End PBXGroup section */

/* Begin PBXNativeTarget section */
		8D273E1A1E81DFB4003FBB90 /* KJTableView */ = {
			isa = PBXNativeTarget;
			buildConfigurationList = 8D273E481E81DFB4003FBB90 /* Build configuration list for PBXNativeTarget "KJTableView" */;
			buildPhases = (
				8D273E171E81DFB4003FBB90 /* Sources */,
				8D273E181E81DFB4003FBB90 /* Frameworks */,
				8D273E191E81DFB4003FBB90 /* Resources */,
			);
			buildRules = (
			);
			dependencies = (
			);
			name = KJTableView;
			productName = KJTableView;
			productReference = 8D273E1B1E81DFB4003FBB90 /* KJTableView.app */;
			productType = "com.apple.product-type.application";
		};
		8D273E331E81DFB4003FBB90 /* KJTableViewTests */ = {
			isa = PBXNativeTarget;
			buildConfigurationList = 8D273E4B1E81DFB4003FBB90 /* Build configuration list for PBXNativeTarget "KJTableViewTests" */;
			buildPhases = (
				8D273E301E81DFB4003FBB90 /* Sources */,
				8D273E311E81DFB4003FBB90 /* Frameworks */,
				8D273E321E81DFB4003FBB90 /* Resources */,
			);
			buildRules = (
			);
			dependencies = (
				8D273E361E81DFB4003FBB90 /* PBXTargetDependency */,
			);
			name = KJTableViewTests;
			productName = KJTableViewTests;
			productReference = 8D273E341E81DFB4003FBB90 /* KJTableViewTests.xctest */;
			productType = "com.apple.product-type.bundle.unit-test";
		};
		8D273E3E1E81DFB4003FBB90 /* KJTableViewUITests */ = {
			isa = PBXNativeTarget;
			buildConfigurationList = 8D273E4E1E81DFB4003FBB90 /* Build configuration list for PBXNativeTarget "KJTableViewUITests" */;
			buildPhases = (
				8D273E3B1E81DFB4003FBB90 /* Sources */,
				8D273E3C1E81DFB4003FBB90 /* Frameworks */,
				8D273E3D1E81DFB4003FBB90 /* Resources */,
			);
			buildRules = (
			);
			dependencies = (
				8D273E411E81DFB4003FBB90 /* PBXTargetDependency */,
			);
			name = KJTableViewUITests;
			productName = KJTableViewUITests;
			productReference = 8D273E3F1E81DFB4003FBB90 /* KJTableViewUITests.xctest */;
			productType = "com.apple.product-type.bundle.ui-testing";
		};
/* End PBXNativeTarget section */

/* Begin PBXProject section */
		8D273E131E81DFB3003FBB90 /* Project object */ = {
			isa = PBXProject;
			attributes = {
				LastUpgradeCheck = 0800;
				ORGANIZATIONNAME = mm;
				TargetAttributes = {
					8D273E1A1E81DFB4003FBB90 = {
						CreatedOnToolsVersion = 8.0;
						DevelopmentTeam = LLKYVL766D;
						ProvisioningStyle = Automatic;
					};
					8D273E331E81DFB4003FBB90 = {
						CreatedOnToolsVersion = 8.0;
						ProvisioningStyle = Automatic;
						TestTargetID = 8D273E1A1E81DFB4003FBB90;
					};
					8D273E3E1E81DFB4003FBB90 = {
						CreatedOnToolsVersion = 8.0;
						ProvisioningStyle = Automatic;
						TestTargetID = 8D273E1A1E81DFB4003FBB90;
					};
				};
			};
			buildConfigurationList = 8D273E161E81DFB3003FBB90 /* Build configuration list for PBXProject "KJTableView" */;
			compatibilityVersion = "Xcode 3.2";
			developmentRegion = English;
			hasScannedForEncodings = 0;
			knownRegions = (
				en,
				Base,
			);
			mainGroup = 8D273E121E81DFB3003FBB90;
			productRefGroup = 8D273E1C1E81DFB4003FBB90 /* Products */;
			projectDirPath = "";
			projectRoot = "";
			targets = (
				8D273E1A1E81DFB4003FBB90 /* KJTableView */,
				8D273E331E81DFB4003FBB90 /* KJTableViewTests */,
				8D273E3E1E81DFB4003FBB90 /* KJTableViewUITests */,
			);
		};
/* End PBXProject section */

/* Begin PBXResourcesBuildPhase section */
		8D273E191E81DFB4003FBB90 /* Resources */ = {
			isa = PBXResourcesBuildPhase;
			buildActionMask = 2147483647;
			files = (
				8D8591781EAFCE1B00156B28 /* KJCollectionViewTestMutiplHeaderVC.xib in Resources */,
				8D0179F61E8B13E5002E2B9A /* rotating07.png in Resources */,
				8DE4AD851EA02B6600ADB31A /* KJTableViewTestNoHeaderNoMoreDataRefreshVC.xib in Resources */,
				8D8591731EAFCD2A00156B28 /* KJCollectionSectionHeaderView.xib in Resources */,
				8D0179F21E8B13E5002E2B9A /* rotating03.png in Resources */,
				8D0179D21E8AE5D5002E2B9A /* KJTableViewCell.xib in Resources */,
				8D85915F1EAFC6C400156B28 /* KJCollectionViewTestNoHeaderNoMoreDataRefreshVC.xib in Resources */,
				8D0179DC1E8B104A002E2B9A /* KJTableViewTestVC.xib in Resources */,
				8D8591691EAFCB2300156B28 /* KJCollectionViewTestHasHeaderVC.xib in Resources */,
				8D273E2E1E81DFB4003FBB90 /* LaunchScreen.storyboard in Resources */,
				8D273E2B1E81DFB4003FBB90 /* Assets.xcassets in Resources */,
				8D017A331E8DB34F002E2B9A /* KJCustomEmptyListShowView.xib in Resources */,
				8D0179F51E8B13E5002E2B9A /* rotating06.png in Resources */,
				8D0179F31E8B13E5002E2B9A /* rotating04.png in Resources */,
				8D8591AD1EAFF7F100156B28 /* KJListEmptyShowView.xib in Resources */,
				8D273E831E81E140003FBB90 /* LICENSE in Resources */,
				8D017A201E8C8039002E2B9A /* KJTableViewTestSingleHeaderVC.xib in Resources */,
				8D0179F41E8B13E5002E2B9A /* rotating05.png in Resources */,
				8D0179FF1E8B13E5002E2B9A /* rotating16.png in Resources */,
				8D017A3B1E8DB7F1002E2B9A /* KJCustomEmptyShowViewTestVC.xib in Resources */,
				8D0179FC1E8B13E5002E2B9A /* rotating13.png in Resources */,
				8D8591521EAFC44600156B28 /* KJCollectionViewNoHeaderTestVC.xib in Resources */,
				8D0179FA1E8B13E5002E2B9A /* rotating11.png in Resources */,
				8D8591641EAFC7D100156B28 /* KJCollectionViewTestNoHeaderVC.xib in Resources */,
				8D0179F01E8B13E5002E2B9A /* rotating01.png in Resources */,
				8D0179F91E8B13E5002E2B9A /* rotating10.png in Resources */,
				8D0179FB1E8B13E5002E2B9A /* rotating12.png in Resources */,
				8D0179F81E8B13E5002E2B9A /* rotating09.png in Resources */,
				8D85914C1EAFBDDB00156B28 /* KJCollectionViewTestVC.xib in Resources */,
				8D0179D71E8AE5F8002E2B9A /* KJCollectionViewCell.xib in Resources */,
				8D017A2A1E8C839E002E2B9A /* TableTestHeaderView.xib in Resources */,
				8DE4AD8A1EA02E9300ADB31A /* KJTableViewTestNoRefreshVC.xib in Resources */,
				8D017A001E8B13E5002E2B9A /* rotating17.png in Resources */,
				8D017A011E8B13E5002E2B9A /* rotating18.png in Resources */,
				8D017A161E8C7C0F002E2B9A /* KJTableViewTestNoHeaderVC.xib in Resources */,
				8D85917D1EAFD02900156B28 /* KJCustomCollectionViewEmptyTestVC.xib in Resources */,
				8D017A251E8C805B002E2B9A /* KJTableViewTestMutiplHeaderVC.xib in Resources */,
				8D273E921E81E140003FBB90 /* MJRefresh.bundle in Resources */,
				8DE4AD8F1EA0307C00ADB31A /* KJTableViewNoHeaderTestVC.xib in Resources */,
				8D0179F11E8B13E5002E2B9A /* rotating02.png in Resources */,
				8D0179F71E8B13E5002E2B9A /* rotating08.png in Resources */,
				8D273E291E81DFB4003FBB90 /* Main.storyboard in Resources */,
				8D85916E1EAFCBE400156B28 /* KJCollectionViewTestSingleHeaderVC.xib in Resources */,
				8D017A1B1E8C7D24002E2B9A /* KJTableViewTestHasHeaderVC.xib in Resources */,
				8D85915A1EAFC5A900156B28 /* KJCollectionViewTestNoRefreshVC.xib in Resources */,
				8D0179FD1E8B13E5002E2B9A /* rotating14.png in Resources */,
				8D0179FE1E8B13E5002E2B9A /* rotating15.png in Resources */,
			);
			runOnlyForDeploymentPostprocessing = 0;
		};
		8D273E321E81DFB4003FBB90 /* Resources */ = {
			isa = PBXResourcesBuildPhase;
			buildActionMask = 2147483647;
			files = (
			);
			runOnlyForDeploymentPostprocessing = 0;
		};
		8D273E3D1E81DFB4003FBB90 /* Resources */ = {
			isa = PBXResourcesBuildPhase;
			buildActionMask = 2147483647;
			files = (
			);
			runOnlyForDeploymentPostprocessing = 0;
		};
/* End PBXResourcesBuildPhase section */

/* Begin PBXSourcesBuildPhase section */
		8D273E171E81DFB4003FBB90 /* Sources */ = {
			isa = PBXSourcesBuildPhase;
			buildActionMask = 2147483647;
			files = (
				8D85918E1EAFF7CB00156B28 /* KJListEngine.m in Sources */,
				8D85918D1EAFF7CB00156B28 /* KJListDatasoureEngine.m in Sources */,
				8D273E261E81DFB4003FBB90 /* ViewController.m in Sources */,
				8D273E941E81E140003FBB90 /* NSBundle+MJRefresh.m in Sources */,
				8DE4AD891EA02E9300ADB31A /* KJTableViewTestNoRefreshVC.m in Sources */,
				8D273E8A1E81E140003FBB90 /* MJRefreshAutoNormalFooter.m in Sources */,
				8D85916D1EAFCBE400156B28 /* KJCollectionViewTestSingleHeaderVC.m in Sources */,
				8D85919F1EAFF7E700156B28 /* KJCollectionViewDatasource.m in Sources */,
				8D273E891E81E140003FBB90 /* MJRefreshAutoGifFooter.m in Sources */,
				8D8591631EAFC7D100156B28 /* KJCollectionViewTestNoHeaderVC.m in Sources */,
				8D8591AA1EAFF7F100156B28 /* KJCollectionView.m in Sources */,
				8D273E951E81E140003FBB90 /* UIScrollView+MJExtension.m in Sources */,
				8D8591511EAFC44600156B28 /* KJCollectionViewNoHeaderTestVC.m in Sources */,
				8D273E8F1E81E140003FBB90 /* MJRefreshGifHeader.m in Sources */,
				8D273E231E81DFB4003FBB90 /* AppDelegate.m in Sources */,
				8D017A3A1E8DB7F1002E2B9A /* KJCustomTableViewEmptyTestVC.m in Sources */,
				8D8591A01EAFF7E700156B28 /* KJTableViewDatasource.m in Sources */,
				8DE4AD8E1EA0307C00ADB31A /* KJTableViewNoHeaderTestVC.m in Sources */,
				8D017A2D1E8C8557002E2B9A /* TableTestHeaderView.m in Sources */,
				8D273E861E81E140003FBB90 /* MJRefreshComponent.m in Sources */,
				8D8591991EAFF7DA00156B28 /* KJListDataRequester.m in Sources */,
				8D273E981E81E140003FBB90 /* README.md in Sources */,
				8D017A301E8C8CCA002E2B9A /* KJGroupModel.m in Sources */,
				8D273E881E81E140003FBB90 /* MJRefreshHeader.m in Sources */,
				8D0179D11E8AE5D5002E2B9A /* KJTableViewCell.m in Sources */,
				8D017A241E8C805B002E2B9A /* KJTableViewTestMutiplHeaderVC.m in Sources */,
				8D273E971E81E140003FBB90 /* UIView+MJExtension.m in Sources */,
				8D273E8E1E81E140003FBB90 /* MJRefreshBackStateFooter.m in Sources */,
				8D273E841E81E140003FBB90 /* MJRefreshAutoFooter.m in Sources */,
				8D8591881EAFF7C200156B28 /* KJListHeaderFooterConfigure.m in Sources */,
				8D8591AC1EAFF7F100156B28 /* KJListEmptyShowView.m in Sources */,
				8D8591771EAFCE1B00156B28 /* KJCollectionViewTestMutiplHeaderVC.m in Sources */,
				8D0179D61E8AE5F8002E2B9A /* KJCollectionViewCell.m in Sources */,
				8D273E961E81E140003FBB90 /* UIScrollView+MJRefresh.m in Sources */,
				8D85914B1EAFBDDB00156B28 /* KJCollectionViewTestVC.m in Sources */,
				8D273E8C1E81E140003FBB90 /* MJRefreshBackGifFooter.m in Sources */,
				8D8591AB1EAFF7F100156B28 /* KJEmptyShowBaseView.m in Sources */,
				8D8591591EAFC5A900156B28 /* KJCollectionViewTestNoRefreshVC.m in Sources */,
				8D273E901E81E140003FBB90 /* MJRefreshNormalHeader.m in Sources */,
				8D8591721EAFCD2A00156B28 /* KJCollectionSectionHeaderView.m in Sources */,
				8D8591AE1EAFF7F100156B28 /* KJTableView.m in Sources */,
				8D273E8B1E81E140003FBB90 /* MJRefreshAutoStateFooter.m in Sources */,
				8D017A361E8DB5C5002E2B9A /* KJCustomEmptyListShowView.m in Sources */,
				8D8591971EAFF7DA00156B28 /* KJListDataEmptyHandler.m in Sources */,
				8D017A1A1E8C7D24002E2B9A /* KJTableViewTestHasHeaderVC.m in Sources */,
				8D85919A1EAFF7DA00156B28 /* KJListHeaderFooterRefresher.m in Sources */,
				8D017A1F1E8C8039002E2B9A /* KJTableViewTestSingleHeaderVC.m in Sources */,
				8D273E851E81E140003FBB90 /* MJRefreshBackFooter.m in Sources */,
				8D273E201E81DFB4003FBB90 /* main.m in Sources */,
				8D8591681EAFCB2300156B28 /* KJCollectionViewTestHasHeaderVC.m in Sources */,
				8D8591871EAFF7C200156B28 /* KJConst.m in Sources */,
				8D273E931E81E140003FBB90 /* MJRefreshConst.m in Sources */,
				8D273E8D1E81E140003FBB90 /* MJRefreshBackNormalFooter.m in Sources */,
				8D0179CD1E8AE5A0002E2B9A /* KJModel.m in Sources */,
				8D273E911E81E140003FBB90 /* MJRefreshStateHeader.m in Sources */,
				8D85915E1EAFC6C400156B28 /* KJCollectionViewTestNoHeaderNoMoreDataRefreshVC.m in Sources */,
				8D273E871E81E140003FBB90 /* MJRefreshFooter.m in Sources */,
				8DE4AD841EA02B6600ADB31A /* KJTableViewTestNoHeaderNoMoreDataRefreshVC.m in Sources */,
				8D85917C1EAFD02900156B28 /* KJCustomCollectionViewEmptyTestVC.m in Sources */,
				8D0179DB1E8B104A002E2B9A /* KJTableViewTestVC.m in Sources */,
				8D8591981EAFF7DA00156B28 /* KJListDataLoadManager.m in Sources */,
				8D017A151E8C7C0F002E2B9A /* KJTableViewTestNoHeaderVC.m in Sources */,
			);
			runOnlyForDeploymentPostprocessing = 0;
		};
		8D273E301E81DFB4003FBB90 /* Sources */ = {
			isa = PBXSourcesBuildPhase;
			buildActionMask = 2147483647;
			files = (
				8D273E391E81DFB4003FBB90 /* KJTableViewTests.m in Sources */,
			);
			runOnlyForDeploymentPostprocessing = 0;
		};
		8D273E3B1E81DFB4003FBB90 /* Sources */ = {
			isa = PBXSourcesBuildPhase;
			buildActionMask = 2147483647;
			files = (
				8D273E441E81DFB4003FBB90 /* KJTableViewUITests.m in Sources */,
			);
			runOnlyForDeploymentPostprocessing = 0;
		};
/* End PBXSourcesBuildPhase section */

/* Begin PBXTargetDependency section */
		8D273E361E81DFB4003FBB90 /* PBXTargetDependency */ = {
			isa = PBXTargetDependency;
			target = 8D273E1A1E81DFB4003FBB90 /* KJTableView */;
			targetProxy = 8D273E351E81DFB4003FBB90 /* PBXContainerItemProxy */;
		};
		8D273E411E81DFB4003FBB90 /* PBXTargetDependency */ = {
			isa = PBXTargetDependency;
			target = 8D273E1A1E81DFB4003FBB90 /* KJTableView */;
			targetProxy = 8D273E401E81DFB4003FBB90 /* PBXContainerItemProxy */;
		};
/* End PBXTargetDependency section */

/* Begin PBXVariantGroup section */
		8D273E271E81DFB4003FBB90 /* Main.storyboard */ = {
			isa = PBXVariantGroup;
			children = (
				8D273E281E81DFB4003FBB90 /* Base */,
			);
			name = Main.storyboard;
			sourceTree = "<group>";
		};
		8D273E2C1E81DFB4003FBB90 /* LaunchScreen.storyboard */ = {
			isa = PBXVariantGroup;
			children = (
				8D273E2D1E81DFB4003FBB90 /* Base */,
			);
			name = LaunchScreen.storyboard;
			sourceTree = "<group>";
		};
/* End PBXVariantGroup section */

/* Begin XCBuildConfiguration section */
		8D273E461E81DFB4003FBB90 /* Debug */ = {
			isa = XCBuildConfiguration;
			buildSettings = {
				ALWAYS_SEARCH_USER_PATHS = NO;
				CLANG_ANALYZER_NONNULL = YES;
				CLANG_CXX_LANGUAGE_STANDARD = "gnu++0x";
				CLANG_CXX_LIBRARY = "libc++";
				CLANG_ENABLE_MODULES = YES;
				CLANG_ENABLE_OBJC_ARC = YES;
				CLANG_WARN_BOOL_CONVERSION = YES;
				CLANG_WARN_CONSTANT_CONVERSION = YES;
				CLANG_WARN_DIRECT_OBJC_ISA_USAGE = YES_ERROR;
				CLANG_WARN_DOCUMENTATION_COMMENTS = YES;
				CLANG_WARN_EMPTY_BODY = YES;
				CLANG_WARN_ENUM_CONVERSION = YES;
				CLANG_WARN_INFINITE_RECURSION = YES;
				CLANG_WARN_INT_CONVERSION = YES;
				CLANG_WARN_OBJC_ROOT_CLASS = YES_ERROR;
				CLANG_WARN_SUSPICIOUS_MOVES = YES;
				CLANG_WARN_UNREACHABLE_CODE = YES;
				CLANG_WARN__DUPLICATE_METHOD_MATCH = YES;
				"CODE_SIGN_IDENTITY[sdk=iphoneos*]" = "iPhone Developer";
				COPY_PHASE_STRIP = NO;
				DEBUG_INFORMATION_FORMAT = dwarf;
				ENABLE_STRICT_OBJC_MSGSEND = YES;
				ENABLE_TESTABILITY = YES;
				GCC_C_LANGUAGE_STANDARD = gnu99;
				GCC_DYNAMIC_NO_PIC = NO;
				GCC_NO_COMMON_BLOCKS = YES;
				GCC_OPTIMIZATION_LEVEL = 0;
				GCC_PREPROCESSOR_DEFINITIONS = (
					"DEBUG=1",
					"$(inherited)",
				);
				GCC_WARN_64_TO_32_BIT_CONVERSION = YES;
				GCC_WARN_ABOUT_RETURN_TYPE = YES_ERROR;
				GCC_WARN_UNDECLARED_SELECTOR = YES;
				GCC_WARN_UNINITIALIZED_AUTOS = YES_AGGRESSIVE;
				GCC_WARN_UNUSED_FUNCTION = YES;
				GCC_WARN_UNUSED_VARIABLE = YES;
				IPHONEOS_DEPLOYMENT_TARGET = 10.0;
				MTL_ENABLE_DEBUG_INFO = YES;
				ONLY_ACTIVE_ARCH = YES;
				SDKROOT = iphoneos;
				TARGETED_DEVICE_FAMILY = "1,2";
			};
			name = Debug;
		};
		8D273E471E81DFB4003FBB90 /* Release */ = {
			isa = XCBuildConfiguration;
			buildSettings = {
				ALWAYS_SEARCH_USER_PATHS = NO;
				CLANG_ANALYZER_NONNULL = YES;
				CLANG_CXX_LANGUAGE_STANDARD = "gnu++0x";
				CLANG_CXX_LIBRARY = "libc++";
				CLANG_ENABLE_MODULES = YES;
				CLANG_ENABLE_OBJC_ARC = YES;
				CLANG_WARN_BOOL_CONVERSION = YES;
				CLANG_WARN_CONSTANT_CONVERSION = YES;
				CLANG_WARN_DIRECT_OBJC_ISA_USAGE = YES_ERROR;
				CLANG_WARN_DOCUMENTATION_COMMENTS = YES;
				CLANG_WARN_EMPTY_BODY = YES;
				CLANG_WARN_ENUM_CONVERSION = YES;
				CLANG_WARN_INFINITE_RECURSION = YES;
				CLANG_WARN_INT_CONVERSION = YES;
				CLANG_WARN_OBJC_ROOT_CLASS = YES_ERROR;
				CLANG_WARN_SUSPICIOUS_MOVES = YES;
				CLANG_WARN_UNREACHABLE_CODE = YES;
				CLANG_WARN__DUPLICATE_METHOD_MATCH = YES;
				"CODE_SIGN_IDENTITY[sdk=iphoneos*]" = "iPhone Developer";
				COPY_PHASE_STRIP = NO;
				DEBUG_INFORMATION_FORMAT = "dwarf-with-dsym";
				ENABLE_NS_ASSERTIONS = NO;
				ENABLE_STRICT_OBJC_MSGSEND = YES;
				GCC_C_LANGUAGE_STANDARD = gnu99;
				GCC_NO_COMMON_BLOCKS = YES;
				GCC_WARN_64_TO_32_BIT_CONVERSION = YES;
				GCC_WARN_ABOUT_RETURN_TYPE = YES_ERROR;
				GCC_WARN_UNDECLARED_SELECTOR = YES;
				GCC_WARN_UNINITIALIZED_AUTOS = YES_AGGRESSIVE;
				GCC_WARN_UNUSED_FUNCTION = YES;
				GCC_WARN_UNUSED_VARIABLE = YES;
				IPHONEOS_DEPLOYMENT_TARGET = 10.0;
				MTL_ENABLE_DEBUG_INFO = NO;
				SDKROOT = iphoneos;
				TARGETED_DEVICE_FAMILY = "1,2";
				VALIDATE_PRODUCT = YES;
			};
			name = Release;
		};
		8D273E491E81DFB4003FBB90 /* Debug */ = {
			isa = XCBuildConfiguration;
			buildSettings = {
				ASSETCATALOG_COMPILER_APPICON_NAME = AppIcon;
				DEVELOPMENT_TEAM = LLKYVL766D;
				INFOPLIST_FILE = KJTableView/Info.plist;
				LD_RUNPATH_SEARCH_PATHS = "$(inherited) @executable_path/Frameworks";
				PRODUCT_BUNDLE_IDENTIFIER = com.yldbkd.www.buyer.ios;
				PRODUCT_NAME = "$(TARGET_NAME)";
				TARGETED_DEVICE_FAMILY = "1,2";
			};
			name = Debug;
		};
		8D273E4A1E81DFB4003FBB90 /* Release */ = {
			isa = XCBuildConfiguration;
			buildSettings = {
				ASSETCATALOG_COMPILER_APPICON_NAME = AppIcon;
				DEVELOPMENT_TEAM = LLKYVL766D;
				INFOPLIST_FILE = KJTableView/Info.plist;
				LD_RUNPATH_SEARCH_PATHS = "$(inherited) @executable_path/Frameworks";
				PRODUCT_BUNDLE_IDENTIFIER = com.yldbkd.www.buyer.ios;
				PRODUCT_NAME = "$(TARGET_NAME)";
				TARGETED_DEVICE_FAMILY = "1,2";
			};
			name = Release;
		};
		8D273E4C1E81DFB4003FBB90 /* Debug */ = {
			isa = XCBuildConfiguration;
			buildSettings = {
				BUNDLE_LOADER = "$(TEST_HOST)";
				INFOPLIST_FILE = KJTableViewTests/Info.plist;
				LD_RUNPATH_SEARCH_PATHS = "$(inherited) @executable_path/Frameworks @loader_path/Frameworks";
				PRODUCT_BUNDLE_IDENTIFIER = yilidibkd.com.KJTableViewTests;
				PRODUCT_NAME = "$(TARGET_NAME)";
				TEST_HOST = "$(BUILT_PRODUCTS_DIR)/KJTableView.app/KJTableView";
			};
			name = Debug;
		};
		8D273E4D1E81DFB4003FBB90 /* Release */ = {
			isa = XCBuildConfiguration;
			buildSettings = {
				BUNDLE_LOADER = "$(TEST_HOST)";
				INFOPLIST_FILE = KJTableViewTests/Info.plist;
				LD_RUNPATH_SEARCH_PATHS = "$(inherited) @executable_path/Frameworks @loader_path/Frameworks";
				PRODUCT_BUNDLE_IDENTIFIER = yilidibkd.com.KJTableViewTests;
				PRODUCT_NAME = "$(TARGET_NAME)";
				TEST_HOST = "$(BUILT_PRODUCTS_DIR)/KJTableView.app/KJTableView";
			};
			name = Release;
		};
		8D273E4F1E81DFB4003FBB90 /* Debug */ = {
			isa = XCBuildConfiguration;
			buildSettings = {
				INFOPLIST_FILE = KJTableViewUITests/Info.plist;
				LD_RUNPATH_SEARCH_PATHS = "$(inherited) @executable_path/Frameworks @loader_path/Frameworks";
				PRODUCT_BUNDLE_IDENTIFIER = yilidibkd.com.KJTableViewUITests;
				PRODUCT_NAME = "$(TARGET_NAME)";
				TEST_TARGET_NAME = KJTableView;
			};
			name = Debug;
		};
		8D273E501E81DFB4003FBB90 /* Release */ = {
			isa = XCBuildConfiguration;
			buildSettings = {
				INFOPLIST_FILE = KJTableViewUITests/Info.plist;
				LD_RUNPATH_SEARCH_PATHS = "$(inherited) @executable_path/Frameworks @loader_path/Frameworks";
				PRODUCT_BUNDLE_IDENTIFIER = yilidibkd.com.KJTableViewUITests;
				PRODUCT_NAME = "$(TARGET_NAME)";
				TEST_TARGET_NAME = KJTableView;
			};
			name = Release;
		};
/* End XCBuildConfiguration section */

/* Begin XCConfigurationList section */
		8D273E161E81DFB3003FBB90 /* Build configuration list for PBXProject "KJTableView" */ = {
			isa = XCConfigurationList;
			buildConfigurations = (
				8D273E461E81DFB4003FBB90 /* Debug */,
				8D273E471E81DFB4003FBB90 /* Release */,
			);
			defaultConfigurationIsVisible = 0;
			defaultConfigurationName = Release;
		};
		8D273E481E81DFB4003FBB90 /* Build configuration list for PBXNativeTarget "KJTableView" */ = {
			isa = XCConfigurationList;
			buildConfigurations = (
				8D273E491E81DFB4003FBB90 /* Debug */,
				8D273E4A1E81DFB4003FBB90 /* Release */,
			);
			defaultConfigurationIsVisible = 0;
			defaultConfigurationName = Release;
		};
		8D273E4B1E81DFB4003FBB90 /* Build configuration list for PBXNativeTarget "KJTableViewTests" */ = {
			isa = XCConfigurationList;
			buildConfigurations = (
				8D273E4C1E81DFB4003FBB90 /* Debug */,
				8D273E4D1E81DFB4003FBB90 /* Release */,
			);
			defaultConfigurationIsVisible = 0;
			defaultConfigurationName = Release;
		};
		8D273E4E1E81DFB4003FBB90 /* Build configuration list for PBXNativeTarget "KJTableViewUITests" */ = {
			isa = XCConfigurationList;
			buildConfigurations = (
				8D273E4F1E81DFB4003FBB90 /* Debug */,
				8D273E501E81DFB4003FBB90 /* Release */,
			);
			defaultConfigurationIsVisible = 0;
			defaultConfigurationName = Release;
		};
/* End XCConfigurationList section */
	};
	rootObject = 8D273E131E81DFB3003FBB90 /* Project object */;
}
